name: epoch-flip-clock
version: 0.0.5
description: Flip clock screensaver
homepage: https://github.com/chrstphrknwtn/epoch-flip-clock-screensaver/
url:
    darwin_amd64: https://github.com/chrstphrknwtn/epoch-flip-clock-screensaver/releases/download/0.0.5/Epoch.Flip.Clock.0.0.5.saver.zip
    darwin_amd64_10: https://github.com/chrstphrknwtn/epoch-flip-clock-screensaver/releases/download/0.0.5/Epoch.Flip.Clock.0.0.5.saver.zip
    darwin_amd64_11: https://github.com/chrstphrknwtn/epoch-flip-clock-screensaver/releases/download/0.0.5/Epoch.Flip.Clock.0.0.5.saver.zip
    darwin_amd64_12: https://github.com/chrstphrknwtn/epoch-flip-clock-screensaver/releases/download/0.0.5/Epoch.Flip.Clock.0.0.5.saver.zip
    darwin_amd64_13: https://github.com/chrstphrknwtn/epoch-flip-clock-screensaver/releases/download/0.0.5/Epoch.Flip.Clock.0.0.5.saver.zip
    darwin_amd64_14: https://github.com/chrstphrknwtn/epoch-flip-clock-screensaver/releases/download/0.0.5/Epoch.Flip.Clock.0.0.5.saver.zip
    darwin_amd64_15: https://github.com/chrstphrknwtn/epoch-flip-clock-screensaver/releases/download/0.0.5/Epoch.Flip.Clock.0.0.5.saver.zip
    darwin_arm64: https://github.com/chrstphrknwtn/epoch-flip-clock-screensaver/releases/download/0.0.5/Epoch.Flip.Clock.0.0.5.saver.zip
    darwin_arm64_11: https://github.com/chrstphrknwtn/epoch-flip-clock-screensaver/releases/download/0.0.5/Epoch.Flip.Clock.0.0.5.saver.zip
    darwin_arm64_12: https://github.com/chrstphrknwtn/epoch-flip-clock-screensaver/releases/download/0.0.5/Epoch.Flip.Clock.0.0.5.saver.zip
    darwin_arm64_13: https://github.com/chrstphrknwtn/epoch-flip-clock-screensaver/releases/download/0.0.5/Epoch.Flip.Clock.0.0.5.saver.zip
    darwin_arm64_14: https://github.com/chrstphrknwtn/epoch-flip-clock-screensaver/releases/download/0.0.5/Epoch.Flip.Clock.0.0.5.saver.zip
    darwin_arm64_15: https://github.com/chrstphrknwtn/epoch-flip-clock-screensaver/releases/download/0.0.5/Epoch.Flip.Clock.0.0.5.saver.zip
sha256:
    darwin_amd64: 90fa0ace6b13b47a12dc89a56c33d9add1140fecbd6bdd0c905d396fa093b02d
    darwin_amd64_10: 90fa0ace6b13b47a12dc89a56c33d9add1140fecbd6bdd0c905d396fa093b02d
    darwin_amd64_11: 90fa0ace6b13b47a12dc89a56c33d9add1140fecbd6bdd0c905d396fa093b02d
    darwin_amd64_12: 90fa0ace6b13b47a12dc89a56c33d9add1140fecbd6bdd0c905d396fa093b02d
    darwin_amd64_13: 90fa0ace6b13b47a12dc89a56c33d9add1140fecbd6bdd0c905d396fa093b02d
    darwin_amd64_14: 90fa0ace6b13b47a12dc89a56c33d9add1140fecbd6bdd0c905d396fa093b02d
    darwin_amd64_15: 90fa0ace6b13b47a12dc89a56c33d9add1140fecbd6bdd0c905d396fa093b02d
    darwin_arm64: 90fa0ace6b13b47a12dc89a56c33d9add1140fecbd6bdd0c905d396fa093b02d
    darwin_arm64_11: 90fa0ace6b13b47a12dc89a56c33d9add1140fecbd6bdd0c905d396fa093b02d
    darwin_arm64_12: 90fa0ace6b13b47a12dc89a56c33d9add1140fecbd6bdd0c905d396fa093b02d
    darwin_arm64_13: 90fa0ace6b13b47a12dc89a56c33d9add1140fecbd6bdd0c905d396fa093b02d
    darwin_arm64_14: 90fa0ace6b13b47a12dc89a56c33d9add1140fecbd6bdd0c905d396fa093b02d
    darwin_arm64_15: 90fa0ace6b13b47a12dc89a56c33d9add1140fecbd6bdd0c905d396fa093b02d
sha512:
    darwin_amd64: ""
    darwin_amd64_10: ""
    darwin_amd64_11: ""
    darwin_amd64_12: ""
    darwin_amd64_13: ""
    darwin_amd64_14: ""
    darwin_amd64_15: ""
    darwin_arm64: ""
    darwin_arm64_11: ""
    darwin_arm64_12: ""
    darwin_arm64_13: ""
    darwin_arm64_14: ""
    darwin_arm64_15: ""
source:
    url: https://github.com/chrstphrknwtn/epoch-flip-clock-screensaver/releases/download/0.0.5/Epoch.Flip.Clock.0.0.5.saver.zip
    sha256: 90fa0ace6b13b47a12dc89a56c33d9add1140fecbd6bdd0c905d396fa093b02d
