name: kubectl-klock
version: 0.9.1
description: Kubectl plugin to render watch output in a more readable fashion
homepage: https://github.com/applejag/kubectl-klock
license: GPL-3.0-or-later AND CC0-1.0
url:
    darwin_amd64: https://github.com/applejag/kubectl-klock/archive/refs/tags/v0.9.1.tar.gz
    darwin_amd64_10: https://github.com/applejag/kubectl-klock/archive/refs/tags/v0.9.1.tar.gz
    darwin_amd64_11: https://github.com/applejag/kubectl-klock/archive/refs/tags/v0.9.1.tar.gz
    darwin_amd64_12: https://github.com/applejag/kubectl-klock/archive/refs/tags/v0.9.1.tar.gz
    darwin_amd64_13: https://github.com/applejag/kubectl-klock/archive/refs/tags/v0.9.1.tar.gz
    darwin_amd64_14: https://github.com/applejag/kubectl-klock/archive/refs/tags/v0.9.1.tar.gz
    darwin_amd64_15: https://github.com/applejag/kubectl-klock/archive/refs/tags/v0.9.1.tar.gz
    darwin_amd64_16: https://github.com/applejag/kubectl-klock/archive/refs/tags/v0.9.1.tar.gz
    darwin_arm64: https://github.com/applejag/kubectl-klock/archive/refs/tags/v0.9.1.tar.gz
    darwin_arm64_11: https://github.com/applejag/kubectl-klock/archive/refs/tags/v0.9.1.tar.gz
    darwin_arm64_12: https://github.com/applejag/kubectl-klock/archive/refs/tags/v0.9.1.tar.gz
    darwin_arm64_13: https://github.com/applejag/kubectl-klock/archive/refs/tags/v0.9.1.tar.gz
    darwin_arm64_14: https://github.com/applejag/kubectl-klock/archive/refs/tags/v0.9.1.tar.gz
    darwin_arm64_15: https://github.com/applejag/kubectl-klock/archive/refs/tags/v0.9.1.tar.gz
    darwin_arm64_16: https://github.com/applejag/kubectl-klock/archive/refs/tags/v0.9.1.tar.gz
    linux_amd64: https://github.com/applejag/kubectl-klock/archive/refs/tags/v0.9.1.tar.gz
    linux_arm64: https://github.com/applejag/kubectl-klock/archive/refs/tags/v0.9.1.tar.gz
sha256:
    darwin_amd64: 3356d126bed9d9c0f39e9c788bd203dd3ab7c2c3734934814cdd4750a16ef36e
    darwin_amd64_10: 3356d126bed9d9c0f39e9c788bd203dd3ab7c2c3734934814cdd4750a16ef36e
    darwin_amd64_11: 3356d126bed9d9c0f39e9c788bd203dd3ab7c2c3734934814cdd4750a16ef36e
    darwin_amd64_12: 3356d126bed9d9c0f39e9c788bd203dd3ab7c2c3734934814cdd4750a16ef36e
    darwin_amd64_13: 3356d126bed9d9c0f39e9c788bd203dd3ab7c2c3734934814cdd4750a16ef36e
    darwin_amd64_14: 3356d126bed9d9c0f39e9c788bd203dd3ab7c2c3734934814cdd4750a16ef36e
    darwin_amd64_15: 3356d126bed9d9c0f39e9c788bd203dd3ab7c2c3734934814cdd4750a16ef36e
    darwin_amd64_16: 3356d126bed9d9c0f39e9c788bd203dd3ab7c2c3734934814cdd4750a16ef36e
    darwin_arm64: 3356d126bed9d9c0f39e9c788bd203dd3ab7c2c3734934814cdd4750a16ef36e
    darwin_arm64_11: 3356d126bed9d9c0f39e9c788bd203dd3ab7c2c3734934814cdd4750a16ef36e
    darwin_arm64_12: 3356d126bed9d9c0f39e9c788bd203dd3ab7c2c3734934814cdd4750a16ef36e
    darwin_arm64_13: 3356d126bed9d9c0f39e9c788bd203dd3ab7c2c3734934814cdd4750a16ef36e
    darwin_arm64_14: 3356d126bed9d9c0f39e9c788bd203dd3ab7c2c3734934814cdd4750a16ef36e
    darwin_arm64_15: 3356d126bed9d9c0f39e9c788bd203dd3ab7c2c3734934814cdd4750a16ef36e
    darwin_arm64_16: 3356d126bed9d9c0f39e9c788bd203dd3ab7c2c3734934814cdd4750a16ef36e
    linux_amd64: 3356d126bed9d9c0f39e9c788bd203dd3ab7c2c3734934814cdd4750a16ef36e
    linux_arm64: 3356d126bed9d9c0f39e9c788bd203dd3ab7c2c3734934814cdd4750a16ef36e
install:
    type: archive
    strip_components: 2
    format: tar.gz
bottle:
    darwin_amd64:
        url: https://ghcr.io/v2/homebrew/core/kubectl-klock/blobs/sha256:3a75a17598947f6475fe14055161895180d8ec2cc1cacc7bd18d19ef74501751
        sha256: 3a75a17598947f6475fe14055161895180d8ec2cc1cacc7bd18d19ef74501751
        cellar: :any_skip_relocation
    darwin_amd64_14:
        url: https://ghcr.io/v2/homebrew/core/kubectl-klock/blobs/sha256:3a75a17598947f6475fe14055161895180d8ec2cc1cacc7bd18d19ef74501751
        sha256: 3a75a17598947f6475fe14055161895180d8ec2cc1cacc7bd18d19ef74501751
        cellar: :any_skip_relocation
    darwin_amd64_15:
        url: https://ghcr.io/v2/homebrew/core/kubectl-klock/blobs/sha256:3a75a17598947f6475fe14055161895180d8ec2cc1cacc7bd18d19ef74501751
        sha256: 3a75a17598947f6475fe14055161895180d8ec2cc1cacc7bd18d19ef74501751
        cellar: :any_skip_relocation
    darwin_amd64_16:
        url: https://ghcr.io/v2/homebrew/core/kubectl-klock/blobs/sha256:3a75a17598947f6475fe14055161895180d8ec2cc1cacc7bd18d19ef74501751
        sha256: 3a75a17598947f6475fe14055161895180d8ec2cc1cacc7bd18d19ef74501751
        cellar: :any_skip_relocation
    darwin_arm64:
        url: https://ghcr.io/v2/homebrew/core/kubectl-klock/blobs/sha256:8bdb704fcf69194e853b36ee3180c38bec999282df98d0fc0a47a74729c8f182
        sha256: 8bdb704fcf69194e853b36ee3180c38bec999282df98d0fc0a47a74729c8f182
        cellar: :any_skip_relocation
    darwin_arm64_14:
        url: https://ghcr.io/v2/homebrew/core/kubectl-klock/blobs/sha256:5f73c311f056774abf94c073182c57da5f04285b5a004b3fc704097ed3ad7cf4
        sha256: 5f73c311f056774abf94c073182c57da5f04285b5a004b3fc704097ed3ad7cf4
        cellar: :any_skip_relocation
    darwin_arm64_15:
        url: https://ghcr.io/v2/homebrew/core/kubectl-klock/blobs/sha256:9f19de165f53c667c5f8ef2d1fe70c45e963decabacef111aa2d1e73f8528bf9
        sha256: 9f19de165f53c667c5f8ef2d1fe70c45e963decabacef111aa2d1e73f8528bf9
        cellar: :any_skip_relocation
    darwin_arm64_16:
        url: https://ghcr.io/v2/homebrew/core/kubectl-klock/blobs/sha256:8bdb704fcf69194e853b36ee3180c38bec999282df98d0fc0a47a74729c8f182
        sha256: 8bdb704fcf69194e853b36ee3180c38bec999282df98d0fc0a47a74729c8f182
        cellar: :any_skip_relocation
    linux_amd64:
        url: https://ghcr.io/v2/homebrew/core/kubectl-klock/blobs/sha256:39e81a497b7bc1c6f9d1e8393b5282aa3d2dac148e20748cf729da6a3eb156e3
        sha256: 39e81a497b7bc1c6f9d1e8393b5282aa3d2dac148e20748cf729da6a3eb156e3
        cellar: :any
    linux_arm64:
        url: https://ghcr.io/v2/homebrew/core/kubectl-klock/blobs/sha256:629aaae14097a89a1ee17cbe25f76199d0ff7d2586384c6f903921e18ece3634
        sha256: 629aaae14097a89a1ee17cbe25f76199d0ff7d2586384c6f903921e18ece3634
        cellar: :any_skip_relocation
source:
    url: https://github.com/applejag/kubectl-klock/archive/refs/tags/v0.9.1.tar.gz
    sha256: 3356d126bed9d9c0f39e9c788bd203dd3ab7c2c3734934814cdd4750a16ef36e
build_dependencies:
    - go
