name: flock
version: 0.4.0
description: Lock file during command
homepage: https://github.com/discoteq/flock
license: ISC
url: {}
sha256: {}
sha512: {}
signature: {}
source_url: ""
source_sha256: ""
source_sha512: ""
install:
    type: archive
    binary_name: ""
    strip_components: 2
    format: tar.gz
post_install: ""
dependencies: []
keg_only: false
bottle:
    darwin_amd64:
        url: https://ghcr.io/v2/homebrew/core/flock/blobs/sha256:1fb35d13877bd0daabd25938b4c40edcdb9a65395875801bfee73ebf16ada08a
        sha256: 1fb35d13877bd0daabd25938b4c40edcdb9a65395875801bfee73ebf16ada08a
        sha512: ""
        signature: ""
    darwin_amd64_10:
        url: https://ghcr.io/v2/homebrew/core/flock/blobs/sha256:b781487b76eed046d9e7c5d2db71a7c81001dc6b80926b9215bc7cb4e7a3c162
        sha256: b781487b76eed046d9e7c5d2db71a7c81001dc6b80926b9215bc7cb4e7a3c162
        sha512: ""
        signature: ""
    darwin_amd64_11:
        url: https://ghcr.io/v2/homebrew/core/flock/blobs/sha256:1f9fc94a66a10a05c005b8043b477fe5f8ec4c995efbc853a9d56c541370ac97
        sha256: 1f9fc94a66a10a05c005b8043b477fe5f8ec4c995efbc853a9d56c541370ac97
        sha512: ""
        signature: ""
    darwin_amd64_12:
        url: https://ghcr.io/v2/homebrew/core/flock/blobs/sha256:ec7c9523be673e50dec3b6aa3d17ef4905076e0f804e9ebccbca128bbf8855c5
        sha256: ec7c9523be673e50dec3b6aa3d17ef4905076e0f804e9ebccbca128bbf8855c5
        sha512: ""
        signature: ""
    darwin_amd64_13:
        url: https://ghcr.io/v2/homebrew/core/flock/blobs/sha256:0b28bbaccdc54d4f0bcbc960731cd45dad2dd3538bc24f5e728e0ef0defa4a33
        sha256: 0b28bbaccdc54d4f0bcbc960731cd45dad2dd3538bc24f5e728e0ef0defa4a33
        sha512: ""
        signature: ""
    darwin_amd64_14:
        url: https://ghcr.io/v2/homebrew/core/flock/blobs/sha256:1fb35d13877bd0daabd25938b4c40edcdb9a65395875801bfee73ebf16ada08a
        sha256: 1fb35d13877bd0daabd25938b4c40edcdb9a65395875801bfee73ebf16ada08a
        sha512: ""
        signature: ""
    darwin_arm64:
        url: https://ghcr.io/v2/homebrew/core/flock/blobs/sha256:b3e9f9fbebb4256a845dd8db15993c3cd7c17cabac188c0695780c5b2b8a06d8
        sha256: b3e9f9fbebb4256a845dd8db15993c3cd7c17cabac188c0695780c5b2b8a06d8
        sha512: ""
        signature: ""
    darwin_arm64_11:
        url: https://ghcr.io/v2/homebrew/core/flock/blobs/sha256:2d6b63e6990f0bb2509aa01abc38208de8d809446fa32cd86961dec0aaffae4b
        sha256: 2d6b63e6990f0bb2509aa01abc38208de8d809446fa32cd86961dec0aaffae4b
        sha512: ""
        signature: ""
    darwin_arm64_12:
        url: https://ghcr.io/v2/homebrew/core/flock/blobs/sha256:0a65c4619ce6f133e7a5b9e82d7648b7da9ace48a09f89d69eb66f38bd6e2b6a
        sha256: 0a65c4619ce6f133e7a5b9e82d7648b7da9ace48a09f89d69eb66f38bd6e2b6a
        sha512: ""
        signature: ""
    darwin_arm64_13:
        url: https://ghcr.io/v2/homebrew/core/flock/blobs/sha256:37a4abe9f2dc5ad5297a5dfdcb10fc1aeafe587b06a7a275231d05a3dd48b572
        sha256: 37a4abe9f2dc5ad5297a5dfdcb10fc1aeafe587b06a7a275231d05a3dd48b572
        sha512: ""
        signature: ""
    darwin_arm64_14:
        url: https://ghcr.io/v2/homebrew/core/flock/blobs/sha256:81934a5818c68542712a6d8b56c6b92f303308394a39cdaf8618c057f6c75b93
        sha256: 81934a5818c68542712a6d8b56c6b92f303308394a39cdaf8618c057f6c75b93
        sha512: ""
        signature: ""
    darwin_arm64_15:
        url: https://ghcr.io/v2/homebrew/core/flock/blobs/sha256:b3e9f9fbebb4256a845dd8db15993c3cd7c17cabac188c0695780c5b2b8a06d8
        sha256: b3e9f9fbebb4256a845dd8db15993c3cd7c17cabac188c0695780c5b2b8a06d8
        sha512: ""
        signature: ""
    darwin_arm64_16:
        url: https://ghcr.io/v2/homebrew/core/flock/blobs/sha256:aa8dc5d082d7ad26bdd99dbb7b33a4d2a23c4c92a97baed4739c25119e30bafe
        sha256: aa8dc5d082d7ad26bdd99dbb7b33a4d2a23c4c92a97baed4739c25119e30bafe
        sha512: ""
        signature: ""
    linux_amd64:
        url: https://ghcr.io/v2/homebrew/core/flock/blobs/sha256:ca5c17cfc66b0b2589e07c696cfbe385addb1ed8905c5d851d64b2dbbee00940
        sha256: ca5c17cfc66b0b2589e07c696cfbe385addb1ed8905c5d851d64b2dbbee00940
        sha512: ""
        signature: ""
    linux_arm64:
        url: https://ghcr.io/v2/homebrew/core/flock/blobs/sha256:52565fd522beb6cf07defd4a4a790e20f52975261f940658442d1354c9dab7da
        sha256: 52565fd522beb6cf07defd4a4a790e20f52975261f940658442d1354c9dab7da
        sha512: ""
        signature: ""
source:
    url: https://github.com/discoteq/flock/releases/download/v0.4.0/flock-0.4.0.tar.xz
    sha256: 01bbd497d168e9b7306f06794c57602da0f61ebd463a3210d63c1d8a0513c5cc
    sha512: ""
    signature: ""
build_dependencies: []
linux_dependencies: []
build:
    configure: []
    install: []
service: null
artifacts:
    app: []
    pkg: []
    bin:
        - flock
