name: hblock
version: 3.5.1
description: Adblocker that creates a hosts file from multiple sources
homepage: https://hblock.molinero.dev/
license: MIT
url: {}
sha256: {}
sha512: {}
signature: {}
source_url: ""
source_sha256: ""
source_sha512: ""
install:
    type: archive
    binary_name: ""
    strip_components: 2
    format: tar.gz
post_install: ""
dependencies: []
keg_only: false
bottle:
    darwin_amd64:
        url: https://ghcr.io/v2/homebrew/core/hblock/blobs/sha256:4b1d02f032f4ba28b0f3497231a40a3d4f47064f7a740064e16ed83aa6357f42
        sha256: 4b1d02f032f4ba28b0f3497231a40a3d4f47064f7a740064e16ed83aa6357f42
        sha512: ""
        signature: ""
    darwin_arm64:
        url: https://ghcr.io/v2/homebrew/core/hblock/blobs/sha256:4b1d02f032f4ba28b0f3497231a40a3d4f47064f7a740064e16ed83aa6357f42
        sha256: 4b1d02f032f4ba28b0f3497231a40a3d4f47064f7a740064e16ed83aa6357f42
        sha512: ""
        signature: ""
    linux_amd64:
        url: https://ghcr.io/v2/homebrew/core/hblock/blobs/sha256:4b1d02f032f4ba28b0f3497231a40a3d4f47064f7a740064e16ed83aa6357f42
        sha256: 4b1d02f032f4ba28b0f3497231a40a3d4f47064f7a740064e16ed83aa6357f42
        sha512: ""
        signature: ""
    linux_arm64:
        url: https://ghcr.io/v2/homebrew/core/hblock/blobs/sha256:4b1d02f032f4ba28b0f3497231a40a3d4f47064f7a740064e16ed83aa6357f42
        sha256: 4b1d02f032f4ba28b0f3497231a40a3d4f47064f7a740064e16ed83aa6357f42
        sha512: ""
        signature: ""
source:
    url: https://github.com/hectorm/hblock/archive/refs/tags/v3.5.1.tar.gz
    sha256: af98a6753e5de1406b63cd1fabf4b3eae84816168c532dae40c83092acb69941
    sha512: ""
    signature: ""
build_dependencies: []
linux_dependencies: []
build:
    configure: []
    install: []
service: null
