name: sherlock
version: 0.16.0
description: Hunt down social media accounts by username
homepage: https://github.com/sherlock-project/sherlock
license: MIT
bottle:
  darwin_arm64:
    url: https://ghcr.io/v2/homebrew/core/sherlock/blobs/sha256:172bfac00b591668aaadb6823c7f85246383069d6ef31db3a05f9ec17ae14144
    sha256: 172bfac00b591668aaadb6823c7f85246383069d6ef31db3a05f9ec17ae14144
  darwin_amd64:
    url: https://ghcr.io/v2/homebrew/core/sherlock/blobs/sha256:c8216dc7eaf85a508cc893f85bb68d6f72dc3dc6b4181bbe47287260631af63e
    sha256: c8216dc7eaf85a508cc893f85bb68d6f72dc3dc6b4181bbe47287260631af63e
  linux_amd64:
    url: https://ghcr.io/v2/homebrew/core/sherlock/blobs/sha256:4f6e377caf203851c7a283a02a8dfdc6dbd5fc9ee67c53eda37f6983ebca5d4b
    sha256: 4f6e377caf203851c7a283a02a8dfdc6dbd5fc9ee67c53eda37f6983ebca5d4b
  linux_arm64:
    url: https://ghcr.io/v2/homebrew/core/sherlock/blobs/sha256:efc7f912dfd3f1152ef8404ff9b1899ff330f81e75e8e5da600dc575787b1d70
    sha256: efc7f912dfd3f1152ef8404ff9b1899ff330f81e75e8e5da600dc575787b1d70
source:
  url: https://files.pythonhosted.org/packages/76/17/d29f35df6ec6424ec15f273a31ad54ad314d1f9056321fb824bed4eda128/sherlock_project-0.16.0.tar.gz
  sha256: fcc8f05fb6f55de30938cce5727249f70917b226918a71f6ed3f50d8a6467610
install:
  type: archive
  format: tar.gz
  strip_components: 2
dependencies:
  - certifi
  - numpy
  - python@3.14
build_dependencies:
  - cmake
