name: tty-clock
version: "2.3"
description: Digital clock in ncurses
homepage: https://github.com/xorg62/tty-clock
license: BSD-3-Clause
url: {}
sha256: {}
sha512: {}
signature: {}
source_url: ""
source_sha256: ""
source_sha512: ""
install:
    type: archive
    binary_name: ""
    strip_components: 2
    format: tar.gz
post_install: ""
dependencies: []
keg_only: false
bottle:
    darwin_amd64:
        url: https://ghcr.io/v2/homebrew/core/tty-clock/blobs/sha256:0531b48964a9b4deca9fcae4230bec9c9216f909405770f9d4460c450f819dd6
        sha256: 0531b48964a9b4deca9fcae4230bec9c9216f909405770f9d4460c450f819dd6
        sha512: ""
        signature: ""
    darwin_amd64_10:
        url: https://ghcr.io/v2/homebrew/core/tty-clock/blobs/sha256:dc5a60415f5cd5397d973b361db6bc0db2172621fe6eed037ee05c851097c27d
        sha256: dc5a60415f5cd5397d973b361db6bc0db2172621fe6eed037ee05c851097c27d
        sha512: ""
        signature: ""
    darwin_amd64_11:
        url: https://ghcr.io/v2/homebrew/core/tty-clock/blobs/sha256:fd72f43c25837763c243876436de51d99369fb8f540171aec16b2f66cb2870e3
        sha256: fd72f43c25837763c243876436de51d99369fb8f540171aec16b2f66cb2870e3
        sha512: ""
        signature: ""
    darwin_amd64_12:
        url: https://ghcr.io/v2/homebrew/core/tty-clock/blobs/sha256:d2f40bb8f0155c0b2f5b22d2b6269a37c9fbd73976736476156969944e27bc1c
        sha256: d2f40bb8f0155c0b2f5b22d2b6269a37c9fbd73976736476156969944e27bc1c
        sha512: ""
        signature: ""
    darwin_amd64_13:
        url: https://ghcr.io/v2/homebrew/core/tty-clock/blobs/sha256:29d7e07686de67b6b7e20cb51c72e756582aad75a15d3ca603751842ebe2bcbb
        sha256: 29d7e07686de67b6b7e20cb51c72e756582aad75a15d3ca603751842ebe2bcbb
        sha512: ""
        signature: ""
    darwin_amd64_14:
        url: https://ghcr.io/v2/homebrew/core/tty-clock/blobs/sha256:0531b48964a9b4deca9fcae4230bec9c9216f909405770f9d4460c450f819dd6
        sha256: 0531b48964a9b4deca9fcae4230bec9c9216f909405770f9d4460c450f819dd6
        sha512: ""
        signature: ""
    darwin_arm64:
        url: https://ghcr.io/v2/homebrew/core/tty-clock/blobs/sha256:7068bc510258482b8643c72d3cd98e5aeb11ec1c870a4f843b4dab323adc5437
        sha256: 7068bc510258482b8643c72d3cd98e5aeb11ec1c870a4f843b4dab323adc5437
        sha512: ""
        signature: ""
    darwin_arm64_11:
        url: https://ghcr.io/v2/homebrew/core/tty-clock/blobs/sha256:fcae9d0e0eeaf68815b4a521f7f75c352d4188a38652b4841bd48b608120edce
        sha256: fcae9d0e0eeaf68815b4a521f7f75c352d4188a38652b4841bd48b608120edce
        sha512: ""
        signature: ""
    darwin_arm64_12:
        url: https://ghcr.io/v2/homebrew/core/tty-clock/blobs/sha256:da788fd6f94799b9cb8fe52dae41d592871e9c7e422e216d90d08350f2f51a48
        sha256: da788fd6f94799b9cb8fe52dae41d592871e9c7e422e216d90d08350f2f51a48
        sha512: ""
        signature: ""
    darwin_arm64_13:
        url: https://ghcr.io/v2/homebrew/core/tty-clock/blobs/sha256:fa482bfe16706d591d196d62b30fd517e4b0e677ee9c320466a0f4021e6ad361
        sha256: fa482bfe16706d591d196d62b30fd517e4b0e677ee9c320466a0f4021e6ad361
        sha512: ""
        signature: ""
    darwin_arm64_14:
        url: https://ghcr.io/v2/homebrew/core/tty-clock/blobs/sha256:d9d3a157ca3d9c96d55c96e377ce0adf1033d388971438793fce2646976d5ab2
        sha256: d9d3a157ca3d9c96d55c96e377ce0adf1033d388971438793fce2646976d5ab2
        sha512: ""
        signature: ""
    darwin_arm64_15:
        url: https://ghcr.io/v2/homebrew/core/tty-clock/blobs/sha256:7068bc510258482b8643c72d3cd98e5aeb11ec1c870a4f843b4dab323adc5437
        sha256: 7068bc510258482b8643c72d3cd98e5aeb11ec1c870a4f843b4dab323adc5437
        sha512: ""
        signature: ""
    darwin_arm64_16:
        url: https://ghcr.io/v2/homebrew/core/tty-clock/blobs/sha256:d8de065838a148bed951b9e337b8a06f8db5fda6dd7c16a2b299b42a14b8730a
        sha256: d8de065838a148bed951b9e337b8a06f8db5fda6dd7c16a2b299b42a14b8730a
        sha512: ""
        signature: ""
    linux_amd64:
        url: https://ghcr.io/v2/homebrew/core/tty-clock/blobs/sha256:2b676f9ca583791e909a241667741a84289d4f75c5673fdd31176c48450ab701
        sha256: 2b676f9ca583791e909a241667741a84289d4f75c5673fdd31176c48450ab701
        sha512: ""
        signature: ""
    linux_arm64:
        url: https://ghcr.io/v2/homebrew/core/tty-clock/blobs/sha256:fe5ad63f95c7fcbe74f39fff2206c1e8d20145d023e29ad783109632f8868308
        sha256: fe5ad63f95c7fcbe74f39fff2206c1e8d20145d023e29ad783109632f8868308
        sha512: ""
        signature: ""
source:
    url: https://github.com/xorg62/tty-clock/archive/refs/tags/v2.3.tar.gz
    sha256: 343e119858db7d5622a545e15a3bbfde65c107440700b62f9df0926db8f57984
    sha512: ""
    signature: ""
build_dependencies:
    - pkgconf
linux_dependencies: []
build:
    configure: []
    install: []
service: null
artifacts:
    app: []
    pkg: []
    bin:
        - tty-clock
