name: varlock
version: 1.1.0
description: Add declarative schema to .env files using @env-spec decorator comments
homepage: https://varlock.dev
license: MIT
dependencies:
    - node
bottle:
    darwin_amd64:
        url: https://ghcr.io/v2/homebrew/core/varlock/blobs/sha256:289eff558e2a3633d7dac18f4c1c1439113311d4898c5a08ce2c39a4bb6ef7e4
        sha256: 289eff558e2a3633d7dac18f4c1c1439113311d4898c5a08ce2c39a4bb6ef7e4
    darwin_amd64_14:
        url: https://ghcr.io/v2/homebrew/core/varlock/blobs/sha256:289eff558e2a3633d7dac18f4c1c1439113311d4898c5a08ce2c39a4bb6ef7e4
        sha256: 289eff558e2a3633d7dac18f4c1c1439113311d4898c5a08ce2c39a4bb6ef7e4
    darwin_amd64_15:
        url: https://ghcr.io/v2/homebrew/core/varlock/blobs/sha256:289eff558e2a3633d7dac18f4c1c1439113311d4898c5a08ce2c39a4bb6ef7e4
        sha256: 289eff558e2a3633d7dac18f4c1c1439113311d4898c5a08ce2c39a4bb6ef7e4
    darwin_amd64_16:
        url: https://ghcr.io/v2/homebrew/core/varlock/blobs/sha256:289eff558e2a3633d7dac18f4c1c1439113311d4898c5a08ce2c39a4bb6ef7e4
        sha256: 289eff558e2a3633d7dac18f4c1c1439113311d4898c5a08ce2c39a4bb6ef7e4
    darwin_arm64:
        url: https://ghcr.io/v2/homebrew/core/varlock/blobs/sha256:fb610f7f5c18adc83cb6c3afce106d007ee31037974585cd4482c9f3ff9168be
        sha256: fb610f7f5c18adc83cb6c3afce106d007ee31037974585cd4482c9f3ff9168be
    darwin_arm64_14:
        url: https://ghcr.io/v2/homebrew/core/varlock/blobs/sha256:7ffb8936a7f7cc20ce77522693297eca10d971238b9b64addb7b08bab1cca036
        sha256: 7ffb8936a7f7cc20ce77522693297eca10d971238b9b64addb7b08bab1cca036
    darwin_arm64_15:
        url: https://ghcr.io/v2/homebrew/core/varlock/blobs/sha256:7ffb8936a7f7cc20ce77522693297eca10d971238b9b64addb7b08bab1cca036
        sha256: 7ffb8936a7f7cc20ce77522693297eca10d971238b9b64addb7b08bab1cca036
    darwin_arm64_16:
        url: https://ghcr.io/v2/homebrew/core/varlock/blobs/sha256:fb610f7f5c18adc83cb6c3afce106d007ee31037974585cd4482c9f3ff9168be
        sha256: fb610f7f5c18adc83cb6c3afce106d007ee31037974585cd4482c9f3ff9168be
    linux_amd64:
        url: https://ghcr.io/v2/homebrew/core/varlock/blobs/sha256:3cad61befa721e76ca081f64e63a651314f623a4bbf69868cd30a1d570799a35
        sha256: 3cad61befa721e76ca081f64e63a651314f623a4bbf69868cd30a1d570799a35
    linux_arm64:
        url: https://ghcr.io/v2/homebrew/core/varlock/blobs/sha256:85bf70151d5be833e5ae53b1b9189f3914cc5862a207c3d71f154ef013c46f35
        sha256: 85bf70151d5be833e5ae53b1b9189f3914cc5862a207c3d71f154ef013c46f35
source:
    url: https://registry.npmjs.org/varlock/-/varlock-1.1.0.tgz
    sha256: fd830072df4b4944ac23dd4eb9fb2bb6a588d4c63ffafda0e4292767e8175042
