name: varlock
version: 0.9.1
description: Add declarative schema to .env files using @env-spec decorator comments
homepage: https://varlock.dev
license: MIT
url: {}
sha256: {}
sha512: {}
signature: {}
source_url: ""
source_sha256: ""
source_sha512: ""
install:
    type: archive
    binary_name: ""
    strip_components: 2
    format: tar.gz
post_install: ""
dependencies:
    - node
keg_only: false
bottle:
    darwin_amd64:
        url: https://ghcr.io/v2/homebrew/core/varlock/blobs/sha256:b48a8b26322071e5aa56fcaee823591c87395ec5dd90020f6d7f5cf8e6d88ad3
        sha256: b48a8b26322071e5aa56fcaee823591c87395ec5dd90020f6d7f5cf8e6d88ad3
        sha512: ""
        signature: ""
    darwin_arm64:
        url: https://ghcr.io/v2/homebrew/core/varlock/blobs/sha256:b48a8b26322071e5aa56fcaee823591c87395ec5dd90020f6d7f5cf8e6d88ad3
        sha256: b48a8b26322071e5aa56fcaee823591c87395ec5dd90020f6d7f5cf8e6d88ad3
        sha512: ""
        signature: ""
    linux_amd64:
        url: https://ghcr.io/v2/homebrew/core/varlock/blobs/sha256:b48a8b26322071e5aa56fcaee823591c87395ec5dd90020f6d7f5cf8e6d88ad3
        sha256: b48a8b26322071e5aa56fcaee823591c87395ec5dd90020f6d7f5cf8e6d88ad3
        sha512: ""
        signature: ""
    linux_arm64:
        url: https://ghcr.io/v2/homebrew/core/varlock/blobs/sha256:b48a8b26322071e5aa56fcaee823591c87395ec5dd90020f6d7f5cf8e6d88ad3
        sha256: b48a8b26322071e5aa56fcaee823591c87395ec5dd90020f6d7f5cf8e6d88ad3
        sha512: ""
        signature: ""
source:
    url: https://registry.npmjs.org/varlock/-/varlock-0.9.1.tgz
    sha256: 8d353cb077149ea237b90cb6f83709d739d29b3e87d538abf371867eb970a682
    sha512: ""
    signature: ""
build_dependencies: []
linux_dependencies: []
build:
    configure: []
    install: []
service: null
