name: vtclock
version: 0.99.1
description: Text-mode fullscreen digital clock
homepage: https://github.com/dse/vtclock
license: GPL-2.0-or-later
url: {}
sha256: {}
sha512: {}
signature: {}
source_url: ""
source_sha256: ""
source_sha512: ""
install:
    type: archive
    binary_name: ""
    strip_components: 2
    format: tar.gz
post_install: ""
dependencies: []
keg_only: false
bottle:
    darwin_amd64:
        url: https://ghcr.io/v2/homebrew/core/vtclock/blobs/sha256:33c363d3176a4db688176faf1e83d3fe8492fa2efb62361b9c1efef3104aab29
        sha256: 33c363d3176a4db688176faf1e83d3fe8492fa2efb62361b9c1efef3104aab29
        sha512: ""
        signature: ""
    darwin_arm64:
        url: https://ghcr.io/v2/homebrew/core/vtclock/blobs/sha256:9bc71b0b4a7fc2c216cb72ddf9111be288923ddbe3ce612fba3b5900714d8edc
        sha256: 9bc71b0b4a7fc2c216cb72ddf9111be288923ddbe3ce612fba3b5900714d8edc
        sha512: ""
        signature: ""
    linux_amd64:
        url: https://ghcr.io/v2/homebrew/core/vtclock/blobs/sha256:8aaffb5793d37cea515c7e1c1d428225dcd58cb898d088f1113fadb76b9fd0e7
        sha256: 8aaffb5793d37cea515c7e1c1d428225dcd58cb898d088f1113fadb76b9fd0e7
        sha512: ""
        signature: ""
    linux_arm64:
        url: https://ghcr.io/v2/homebrew/core/vtclock/blobs/sha256:393f3bbb5eaeb24e1893ea7e71738dc0095d68b28cbbbab6a71cb8ec18aa1492
        sha256: 393f3bbb5eaeb24e1893ea7e71738dc0095d68b28cbbbab6a71cb8ec18aa1492
        sha512: ""
        signature: ""
source:
    url: https://github.com/dse/vtclock/archive/refs/tags/v0.99.1.tar.gz
    sha256: 72ce681381ade2442542f2d133eee39eaa1de7f75c11102e31182402c2fe6e23
    sha512: ""
    signature: ""
build_dependencies:
    - pkgconf
linux_dependencies: []
build:
    configure: []
    install: []
service: null
