name: balance-lock
version: "1.1"
description: Prevents audio balance from drifting left or right
homepage: https://www.tunabellysoftware.com/balance_lock
license: ""
url:
    darwin_amd64: https://www.tunabellysoftware.com/resources/Balance%20Lock%201.1.dmg
    darwin_arm64: https://www.tunabellysoftware.com/resources/Balance%20Lock%201.1.dmg
sha256:
    darwin_amd64: c943838667974ad96ff8582334c18754f3c35ceba5692f431f5dfd1cd8284765
    darwin_arm64: c943838667974ad96ff8582334c18754f3c35ceba5692f431f5dfd1cd8284765
sha512:
    darwin_amd64: ""
    darwin_arm64: ""
artifacts:
    app:
        - Balance Lock.app
    pkg: []
    bin: []
source:
    url: https://www.tunabellysoftware.com/resources/Balance%20Lock%201.1.dmg
    sha256: c943838667974ad96ff8582334c18754f3c35ceba5692f431f5dfd1cd8284765
    sha512: ""
