name: bleunlock
version: 1.12.2
description: Lock/unlock Apple computers using the proximity of a bluetooth low energy device
homepage: https://github.com/ts1/BLEUnlock
license: ""
url:
    darwin_amd64: https://github.com/ts1/BLEUnlock/releases/download/1.12.2/BLEUnlock-1.12.2.zip
    darwin_amd64_10: https://github.com/ts1/BLEUnlock/releases/download/1.12.2/BLEUnlock-1.12.2.zip
    darwin_amd64_11: https://github.com/ts1/BLEUnlock/releases/download/1.12.2/BLEUnlock-1.12.2.zip
    darwin_amd64_12: https://github.com/ts1/BLEUnlock/releases/download/1.12.2/BLEUnlock-1.12.2.zip
    darwin_amd64_13: https://github.com/ts1/BLEUnlock/releases/download/1.12.2/BLEUnlock-1.12.2.zip
    darwin_amd64_14: https://github.com/ts1/BLEUnlock/releases/download/1.12.2/BLEUnlock-1.12.2.zip
    darwin_amd64_15: https://github.com/ts1/BLEUnlock/releases/download/1.12.2/BLEUnlock-1.12.2.zip
    darwin_amd64_16: https://github.com/ts1/BLEUnlock/releases/download/1.12.2/BLEUnlock-1.12.2.zip
    darwin_arm64: https://github.com/ts1/BLEUnlock/releases/download/1.12.2/BLEUnlock-1.12.2.zip
    darwin_arm64_11: https://github.com/ts1/BLEUnlock/releases/download/1.12.2/BLEUnlock-1.12.2.zip
    darwin_arm64_12: https://github.com/ts1/BLEUnlock/releases/download/1.12.2/BLEUnlock-1.12.2.zip
    darwin_arm64_13: https://github.com/ts1/BLEUnlock/releases/download/1.12.2/BLEUnlock-1.12.2.zip
    darwin_arm64_14: https://github.com/ts1/BLEUnlock/releases/download/1.12.2/BLEUnlock-1.12.2.zip
    darwin_arm64_15: https://github.com/ts1/BLEUnlock/releases/download/1.12.2/BLEUnlock-1.12.2.zip
    darwin_arm64_16: https://github.com/ts1/BLEUnlock/releases/download/1.12.2/BLEUnlock-1.12.2.zip
sha256:
    darwin_amd64: 9ceddc874cf519efc7411c8340abab9e1ff8a4b5b252eff6ca32a94b8cafef5b
    darwin_amd64_10: 9ceddc874cf519efc7411c8340abab9e1ff8a4b5b252eff6ca32a94b8cafef5b
    darwin_amd64_11: 9ceddc874cf519efc7411c8340abab9e1ff8a4b5b252eff6ca32a94b8cafef5b
    darwin_amd64_12: 9ceddc874cf519efc7411c8340abab9e1ff8a4b5b252eff6ca32a94b8cafef5b
    darwin_amd64_13: 9ceddc874cf519efc7411c8340abab9e1ff8a4b5b252eff6ca32a94b8cafef5b
    darwin_amd64_14: 9ceddc874cf519efc7411c8340abab9e1ff8a4b5b252eff6ca32a94b8cafef5b
    darwin_amd64_15: 9ceddc874cf519efc7411c8340abab9e1ff8a4b5b252eff6ca32a94b8cafef5b
    darwin_amd64_16: 9ceddc874cf519efc7411c8340abab9e1ff8a4b5b252eff6ca32a94b8cafef5b
    darwin_arm64: 9ceddc874cf519efc7411c8340abab9e1ff8a4b5b252eff6ca32a94b8cafef5b
    darwin_arm64_11: 9ceddc874cf519efc7411c8340abab9e1ff8a4b5b252eff6ca32a94b8cafef5b
    darwin_arm64_12: 9ceddc874cf519efc7411c8340abab9e1ff8a4b5b252eff6ca32a94b8cafef5b
    darwin_arm64_13: 9ceddc874cf519efc7411c8340abab9e1ff8a4b5b252eff6ca32a94b8cafef5b
    darwin_arm64_14: 9ceddc874cf519efc7411c8340abab9e1ff8a4b5b252eff6ca32a94b8cafef5b
    darwin_arm64_15: 9ceddc874cf519efc7411c8340abab9e1ff8a4b5b252eff6ca32a94b8cafef5b
    darwin_arm64_16: 9ceddc874cf519efc7411c8340abab9e1ff8a4b5b252eff6ca32a94b8cafef5b
sha512:
    darwin_amd64: ""
    darwin_amd64_10: ""
    darwin_amd64_11: ""
    darwin_amd64_12: ""
    darwin_amd64_13: ""
    darwin_amd64_14: ""
    darwin_amd64_15: ""
    darwin_amd64_16: ""
    darwin_arm64: ""
    darwin_arm64_11: ""
    darwin_arm64_12: ""
    darwin_arm64_13: ""
    darwin_arm64_14: ""
    darwin_arm64_15: ""
    darwin_arm64_16: ""
artifacts:
    app:
        - BLEUnlock.app
    pkg: []
    bin: []
source:
    url: https://github.com/ts1/BLEUnlock/releases/download/1.12.2/BLEUnlock-1.12.2.zip
    sha256: 9ceddc874cf519efc7411c8340abab9e1ff8a4b5b252eff6ca32a94b8cafef5b
    sha512: ""
