name: bleunlock
version: 1.12.2
description: Lock/unlock Apple computers using the proximity of a bluetooth low energy device
homepage: https://github.com/ts1/BLEUnlock
url:
  darwin_arm64: https://github.com/ts1/BLEUnlock/releases/download/1.12.2/BLEUnlock-1.12.2.zip
  darwin_amd64: https://github.com/ts1/BLEUnlock/releases/download/1.12.2/BLEUnlock-1.12.2.zip
sha256:
  darwin_arm64: 9ceddc874cf519efc7411c8340abab9e1ff8a4b5b252eff6ca32a94b8cafef5b
  darwin_amd64: 9ceddc874cf519efc7411c8340abab9e1ff8a4b5b252eff6ca32a94b8cafef5b
source:
  url: https://github.com/ts1/BLEUnlock/releases/download/1.12.2/BLEUnlock-1.12.2.zip
  sha256: 9ceddc874cf519efc7411c8340abab9e1ff8a4b5b252eff6ca32a94b8cafef5b
artifacts:
  app:
    - BLEUnlock.app
