name: grid-clock
version: 0.0.5
homepage: https://github.com/chrstphrknwtn/grid-clock-screensaver
url:
    darwin_amd64: https://github.com/chrstphrknwtn/grid-clock-screensaver/releases/download/0.0.5/Grid.Clock.0.0.5.saver.zip
    darwin_amd64_10: https://github.com/chrstphrknwtn/grid-clock-screensaver/releases/download/0.0.5/Grid.Clock.0.0.5.saver.zip
    darwin_amd64_11: https://github.com/chrstphrknwtn/grid-clock-screensaver/releases/download/0.0.5/Grid.Clock.0.0.5.saver.zip
    darwin_amd64_12: https://github.com/chrstphrknwtn/grid-clock-screensaver/releases/download/0.0.5/Grid.Clock.0.0.5.saver.zip
    darwin_amd64_13: https://github.com/chrstphrknwtn/grid-clock-screensaver/releases/download/0.0.5/Grid.Clock.0.0.5.saver.zip
    darwin_amd64_14: https://github.com/chrstphrknwtn/grid-clock-screensaver/releases/download/0.0.5/Grid.Clock.0.0.5.saver.zip
    darwin_amd64_15: https://github.com/chrstphrknwtn/grid-clock-screensaver/releases/download/0.0.5/Grid.Clock.0.0.5.saver.zip
    darwin_arm64: https://github.com/chrstphrknwtn/grid-clock-screensaver/releases/download/0.0.5/Grid.Clock.0.0.5.saver.zip
    darwin_arm64_11: https://github.com/chrstphrknwtn/grid-clock-screensaver/releases/download/0.0.5/Grid.Clock.0.0.5.saver.zip
    darwin_arm64_12: https://github.com/chrstphrknwtn/grid-clock-screensaver/releases/download/0.0.5/Grid.Clock.0.0.5.saver.zip
    darwin_arm64_13: https://github.com/chrstphrknwtn/grid-clock-screensaver/releases/download/0.0.5/Grid.Clock.0.0.5.saver.zip
    darwin_arm64_14: https://github.com/chrstphrknwtn/grid-clock-screensaver/releases/download/0.0.5/Grid.Clock.0.0.5.saver.zip
    darwin_arm64_15: https://github.com/chrstphrknwtn/grid-clock-screensaver/releases/download/0.0.5/Grid.Clock.0.0.5.saver.zip
sha256:
    darwin_amd64: eb9f5b480308786ca2a7277c727d6b3478563c68bf883305f99976682dc23ee9
    darwin_amd64_10: eb9f5b480308786ca2a7277c727d6b3478563c68bf883305f99976682dc23ee9
    darwin_amd64_11: eb9f5b480308786ca2a7277c727d6b3478563c68bf883305f99976682dc23ee9
    darwin_amd64_12: eb9f5b480308786ca2a7277c727d6b3478563c68bf883305f99976682dc23ee9
    darwin_amd64_13: eb9f5b480308786ca2a7277c727d6b3478563c68bf883305f99976682dc23ee9
    darwin_amd64_14: eb9f5b480308786ca2a7277c727d6b3478563c68bf883305f99976682dc23ee9
    darwin_amd64_15: eb9f5b480308786ca2a7277c727d6b3478563c68bf883305f99976682dc23ee9
    darwin_arm64: eb9f5b480308786ca2a7277c727d6b3478563c68bf883305f99976682dc23ee9
    darwin_arm64_11: eb9f5b480308786ca2a7277c727d6b3478563c68bf883305f99976682dc23ee9
    darwin_arm64_12: eb9f5b480308786ca2a7277c727d6b3478563c68bf883305f99976682dc23ee9
    darwin_arm64_13: eb9f5b480308786ca2a7277c727d6b3478563c68bf883305f99976682dc23ee9
    darwin_arm64_14: eb9f5b480308786ca2a7277c727d6b3478563c68bf883305f99976682dc23ee9
    darwin_arm64_15: eb9f5b480308786ca2a7277c727d6b3478563c68bf883305f99976682dc23ee9
sha512:
    darwin_amd64: ""
    darwin_amd64_10: ""
    darwin_amd64_11: ""
    darwin_amd64_12: ""
    darwin_amd64_13: ""
    darwin_amd64_14: ""
    darwin_amd64_15: ""
    darwin_arm64: ""
    darwin_arm64_11: ""
    darwin_arm64_12: ""
    darwin_arm64_13: ""
    darwin_arm64_14: ""
    darwin_arm64_15: ""
source:
    url: https://github.com/chrstphrknwtn/grid-clock-screensaver/releases/download/0.0.5/Grid.Clock.0.0.5.saver.zip
    sha256: eb9f5b480308786ca2a7277c727d6b3478563c68bf883305f99976682dc23ee9
