name: varlock
version: 1.9.0
description: Add declarative schema to .env files using @env-spec decorator comments
homepage: https://varlock.dev
license: MIT
url:
    darwin_amd64: https://registry.npmjs.org/varlock/-/varlock-1.9.0.tgz
    darwin_amd64_10: https://registry.npmjs.org/varlock/-/varlock-1.9.0.tgz
    darwin_amd64_11: https://registry.npmjs.org/varlock/-/varlock-1.9.0.tgz
    darwin_amd64_12: https://registry.npmjs.org/varlock/-/varlock-1.9.0.tgz
    darwin_amd64_13: https://registry.npmjs.org/varlock/-/varlock-1.9.0.tgz
    darwin_amd64_14: https://registry.npmjs.org/varlock/-/varlock-1.9.0.tgz
    darwin_amd64_15: https://registry.npmjs.org/varlock/-/varlock-1.9.0.tgz
    darwin_amd64_16: https://registry.npmjs.org/varlock/-/varlock-1.9.0.tgz
    darwin_arm64: https://registry.npmjs.org/varlock/-/varlock-1.9.0.tgz
    darwin_arm64_11: https://registry.npmjs.org/varlock/-/varlock-1.9.0.tgz
    darwin_arm64_12: https://registry.npmjs.org/varlock/-/varlock-1.9.0.tgz
    darwin_arm64_13: https://registry.npmjs.org/varlock/-/varlock-1.9.0.tgz
    darwin_arm64_14: https://registry.npmjs.org/varlock/-/varlock-1.9.0.tgz
    darwin_arm64_15: https://registry.npmjs.org/varlock/-/varlock-1.9.0.tgz
    darwin_arm64_16: https://registry.npmjs.org/varlock/-/varlock-1.9.0.tgz
    linux_amd64: https://registry.npmjs.org/varlock/-/varlock-1.9.0.tgz
    linux_arm64: https://registry.npmjs.org/varlock/-/varlock-1.9.0.tgz
sha256:
    darwin_amd64: 6e69f17d13fcd3156409804af1fd8cf334b9c0ac01d87051cb185894e5bf85c2
    darwin_amd64_10: 6e69f17d13fcd3156409804af1fd8cf334b9c0ac01d87051cb185894e5bf85c2
    darwin_amd64_11: 6e69f17d13fcd3156409804af1fd8cf334b9c0ac01d87051cb185894e5bf85c2
    darwin_amd64_12: 6e69f17d13fcd3156409804af1fd8cf334b9c0ac01d87051cb185894e5bf85c2
    darwin_amd64_13: 6e69f17d13fcd3156409804af1fd8cf334b9c0ac01d87051cb185894e5bf85c2
    darwin_amd64_14: 6e69f17d13fcd3156409804af1fd8cf334b9c0ac01d87051cb185894e5bf85c2
    darwin_amd64_15: 6e69f17d13fcd3156409804af1fd8cf334b9c0ac01d87051cb185894e5bf85c2
    darwin_amd64_16: 6e69f17d13fcd3156409804af1fd8cf334b9c0ac01d87051cb185894e5bf85c2
    darwin_arm64: 6e69f17d13fcd3156409804af1fd8cf334b9c0ac01d87051cb185894e5bf85c2
    darwin_arm64_11: 6e69f17d13fcd3156409804af1fd8cf334b9c0ac01d87051cb185894e5bf85c2
    darwin_arm64_12: 6e69f17d13fcd3156409804af1fd8cf334b9c0ac01d87051cb185894e5bf85c2
    darwin_arm64_13: 6e69f17d13fcd3156409804af1fd8cf334b9c0ac01d87051cb185894e5bf85c2
    darwin_arm64_14: 6e69f17d13fcd3156409804af1fd8cf334b9c0ac01d87051cb185894e5bf85c2
    darwin_arm64_15: 6e69f17d13fcd3156409804af1fd8cf334b9c0ac01d87051cb185894e5bf85c2
    darwin_arm64_16: 6e69f17d13fcd3156409804af1fd8cf334b9c0ac01d87051cb185894e5bf85c2
    linux_amd64: 6e69f17d13fcd3156409804af1fd8cf334b9c0ac01d87051cb185894e5bf85c2
    linux_arm64: 6e69f17d13fcd3156409804af1fd8cf334b9c0ac01d87051cb185894e5bf85c2
install:
    type: archive
    strip_components: 2
    format: tar.gz
dependencies:
    - node
bottle:
    darwin_amd64:
        url: https://ghcr.io/v2/homebrew/core/varlock/blobs/sha256:9a8ee1481b3ce057b248a45a76d66bf13a8ec56c4f8152d965a5532c220a66c3
        sha256: 9a8ee1481b3ce057b248a45a76d66bf13a8ec56c4f8152d965a5532c220a66c3
        cellar: :any_skip_relocation
    darwin_amd64_14:
        url: https://ghcr.io/v2/homebrew/core/varlock/blobs/sha256:9a8ee1481b3ce057b248a45a76d66bf13a8ec56c4f8152d965a5532c220a66c3
        sha256: 9a8ee1481b3ce057b248a45a76d66bf13a8ec56c4f8152d965a5532c220a66c3
        cellar: :any_skip_relocation
    darwin_amd64_15:
        url: https://ghcr.io/v2/homebrew/core/varlock/blobs/sha256:9a8ee1481b3ce057b248a45a76d66bf13a8ec56c4f8152d965a5532c220a66c3
        sha256: 9a8ee1481b3ce057b248a45a76d66bf13a8ec56c4f8152d965a5532c220a66c3
        cellar: :any_skip_relocation
    darwin_amd64_16:
        url: https://ghcr.io/v2/homebrew/core/varlock/blobs/sha256:9a8ee1481b3ce057b248a45a76d66bf13a8ec56c4f8152d965a5532c220a66c3
        sha256: 9a8ee1481b3ce057b248a45a76d66bf13a8ec56c4f8152d965a5532c220a66c3
        cellar: :any_skip_relocation
    darwin_arm64:
        url: https://ghcr.io/v2/homebrew/core/varlock/blobs/sha256:f9b1e4dfb00337d84e1c457b1905dcd60432f77d30d1385a4ddb8b071ba510cc
        sha256: f9b1e4dfb00337d84e1c457b1905dcd60432f77d30d1385a4ddb8b071ba510cc
        cellar: :any_skip_relocation
    darwin_arm64_14:
        url: https://ghcr.io/v2/homebrew/core/varlock/blobs/sha256:1c4cb727ab13cbba1a0f5033bbe310acfc2f19c0993fe6d2132e1e96739c2a2f
        sha256: 1c4cb727ab13cbba1a0f5033bbe310acfc2f19c0993fe6d2132e1e96739c2a2f
        cellar: :any_skip_relocation
    darwin_arm64_15:
        url: https://ghcr.io/v2/homebrew/core/varlock/blobs/sha256:1c4cb727ab13cbba1a0f5033bbe310acfc2f19c0993fe6d2132e1e96739c2a2f
        sha256: 1c4cb727ab13cbba1a0f5033bbe310acfc2f19c0993fe6d2132e1e96739c2a2f
        cellar: :any_skip_relocation
    darwin_arm64_16:
        url: https://ghcr.io/v2/homebrew/core/varlock/blobs/sha256:f9b1e4dfb00337d84e1c457b1905dcd60432f77d30d1385a4ddb8b071ba510cc
        sha256: f9b1e4dfb00337d84e1c457b1905dcd60432f77d30d1385a4ddb8b071ba510cc
        cellar: :any_skip_relocation
    linux_amd64:
        url: https://ghcr.io/v2/homebrew/core/varlock/blobs/sha256:41b37334a82b52355c0abccace5a042345ea981ef5a1d932172cb54a078c095e
        sha256: 41b37334a82b52355c0abccace5a042345ea981ef5a1d932172cb54a078c095e
        cellar: :any_skip_relocation
    linux_arm64:
        url: https://ghcr.io/v2/homebrew/core/varlock/blobs/sha256:0fed3cc25307d853cf1cec361d79be7296d7c7ad29ad09c4951725e3c1a70c49
        sha256: 0fed3cc25307d853cf1cec361d79be7296d7c7ad29ad09c4951725e3c1a70c49
        cellar: :any_skip_relocation
source:
    url: https://registry.npmjs.org/varlock/-/varlock-1.9.0.tgz
    sha256: 6e69f17d13fcd3156409804af1fd8cf334b9c0ac01d87051cb185894e5bf85c2
