name: varlock
version: 1.16.1
description: Add declarative schema to .env files using @env-spec decorator comments
homepage: https://varlock.dev
license: MIT
url:
    darwin_amd64: https://registry.npmjs.org/varlock/-/varlock-1.16.1.tgz
    darwin_amd64_10: https://registry.npmjs.org/varlock/-/varlock-1.16.1.tgz
    darwin_amd64_11: https://registry.npmjs.org/varlock/-/varlock-1.16.1.tgz
    darwin_amd64_12: https://registry.npmjs.org/varlock/-/varlock-1.16.1.tgz
    darwin_amd64_13: https://registry.npmjs.org/varlock/-/varlock-1.16.1.tgz
    darwin_amd64_14: https://registry.npmjs.org/varlock/-/varlock-1.16.1.tgz
    darwin_amd64_15: https://registry.npmjs.org/varlock/-/varlock-1.16.1.tgz
    darwin_amd64_16: https://registry.npmjs.org/varlock/-/varlock-1.16.1.tgz
    darwin_arm64: https://registry.npmjs.org/varlock/-/varlock-1.16.1.tgz
    darwin_arm64_11: https://registry.npmjs.org/varlock/-/varlock-1.16.1.tgz
    darwin_arm64_12: https://registry.npmjs.org/varlock/-/varlock-1.16.1.tgz
    darwin_arm64_13: https://registry.npmjs.org/varlock/-/varlock-1.16.1.tgz
    darwin_arm64_14: https://registry.npmjs.org/varlock/-/varlock-1.16.1.tgz
    darwin_arm64_15: https://registry.npmjs.org/varlock/-/varlock-1.16.1.tgz
    darwin_arm64_16: https://registry.npmjs.org/varlock/-/varlock-1.16.1.tgz
    linux_amd64: https://registry.npmjs.org/varlock/-/varlock-1.16.1.tgz
    linux_arm64: https://registry.npmjs.org/varlock/-/varlock-1.16.1.tgz
sha256:
    darwin_amd64: f48e8a3b33985bb308625dcceb1bd6aa67fcbb7f317ad05e770198fc72dd17d9
    darwin_amd64_10: f48e8a3b33985bb308625dcceb1bd6aa67fcbb7f317ad05e770198fc72dd17d9
    darwin_amd64_11: f48e8a3b33985bb308625dcceb1bd6aa67fcbb7f317ad05e770198fc72dd17d9
    darwin_amd64_12: f48e8a3b33985bb308625dcceb1bd6aa67fcbb7f317ad05e770198fc72dd17d9
    darwin_amd64_13: f48e8a3b33985bb308625dcceb1bd6aa67fcbb7f317ad05e770198fc72dd17d9
    darwin_amd64_14: f48e8a3b33985bb308625dcceb1bd6aa67fcbb7f317ad05e770198fc72dd17d9
    darwin_amd64_15: f48e8a3b33985bb308625dcceb1bd6aa67fcbb7f317ad05e770198fc72dd17d9
    darwin_amd64_16: f48e8a3b33985bb308625dcceb1bd6aa67fcbb7f317ad05e770198fc72dd17d9
    darwin_arm64: f48e8a3b33985bb308625dcceb1bd6aa67fcbb7f317ad05e770198fc72dd17d9
    darwin_arm64_11: f48e8a3b33985bb308625dcceb1bd6aa67fcbb7f317ad05e770198fc72dd17d9
    darwin_arm64_12: f48e8a3b33985bb308625dcceb1bd6aa67fcbb7f317ad05e770198fc72dd17d9
    darwin_arm64_13: f48e8a3b33985bb308625dcceb1bd6aa67fcbb7f317ad05e770198fc72dd17d9
    darwin_arm64_14: f48e8a3b33985bb308625dcceb1bd6aa67fcbb7f317ad05e770198fc72dd17d9
    darwin_arm64_15: f48e8a3b33985bb308625dcceb1bd6aa67fcbb7f317ad05e770198fc72dd17d9
    darwin_arm64_16: f48e8a3b33985bb308625dcceb1bd6aa67fcbb7f317ad05e770198fc72dd17d9
    linux_amd64: f48e8a3b33985bb308625dcceb1bd6aa67fcbb7f317ad05e770198fc72dd17d9
    linux_arm64: f48e8a3b33985bb308625dcceb1bd6aa67fcbb7f317ad05e770198fc72dd17d9
install:
    type: archive
    strip_components: 2
    format: tar.gz
dependencies:
    - node
bottle:
    darwin_amd64:
        url: https://ghcr.io/v2/homebrew/core/varlock/blobs/sha256:fbb7883ace427f2ceef7777166123ec3f9b3e22c7484150f924eaebc760ba939
        sha256: fbb7883ace427f2ceef7777166123ec3f9b3e22c7484150f924eaebc760ba939
        cellar: :any_skip_relocation
    darwin_amd64_14:
        url: https://ghcr.io/v2/homebrew/core/varlock/blobs/sha256:fbb7883ace427f2ceef7777166123ec3f9b3e22c7484150f924eaebc760ba939
        sha256: fbb7883ace427f2ceef7777166123ec3f9b3e22c7484150f924eaebc760ba939
        cellar: :any_skip_relocation
    darwin_amd64_15:
        url: https://ghcr.io/v2/homebrew/core/varlock/blobs/sha256:fbb7883ace427f2ceef7777166123ec3f9b3e22c7484150f924eaebc760ba939
        sha256: fbb7883ace427f2ceef7777166123ec3f9b3e22c7484150f924eaebc760ba939
        cellar: :any_skip_relocation
    darwin_amd64_16:
        url: https://ghcr.io/v2/homebrew/core/varlock/blobs/sha256:fbb7883ace427f2ceef7777166123ec3f9b3e22c7484150f924eaebc760ba939
        sha256: fbb7883ace427f2ceef7777166123ec3f9b3e22c7484150f924eaebc760ba939
        cellar: :any_skip_relocation
    darwin_arm64:
        url: https://ghcr.io/v2/homebrew/core/varlock/blobs/sha256:3cc035f786605edd92a9a100d10b40235fa5c31eeaf14ed5c8a7be6bbfe62902
        sha256: 3cc035f786605edd92a9a100d10b40235fa5c31eeaf14ed5c8a7be6bbfe62902
        cellar: :any_skip_relocation
    darwin_arm64_14:
        url: https://ghcr.io/v2/homebrew/core/varlock/blobs/sha256:3cc035f786605edd92a9a100d10b40235fa5c31eeaf14ed5c8a7be6bbfe62902
        sha256: 3cc035f786605edd92a9a100d10b40235fa5c31eeaf14ed5c8a7be6bbfe62902
        cellar: :any_skip_relocation
    darwin_arm64_15:
        url: https://ghcr.io/v2/homebrew/core/varlock/blobs/sha256:3cc035f786605edd92a9a100d10b40235fa5c31eeaf14ed5c8a7be6bbfe62902
        sha256: 3cc035f786605edd92a9a100d10b40235fa5c31eeaf14ed5c8a7be6bbfe62902
        cellar: :any_skip_relocation
    darwin_arm64_16:
        url: https://ghcr.io/v2/homebrew/core/varlock/blobs/sha256:3cc035f786605edd92a9a100d10b40235fa5c31eeaf14ed5c8a7be6bbfe62902
        sha256: 3cc035f786605edd92a9a100d10b40235fa5c31eeaf14ed5c8a7be6bbfe62902
        cellar: :any_skip_relocation
    linux_amd64:
        url: https://ghcr.io/v2/homebrew/core/varlock/blobs/sha256:83f5ea5090b581d82dd9792c4a04bc06fa9faefa03a0e900eea07946950c9c96
        sha256: 83f5ea5090b581d82dd9792c4a04bc06fa9faefa03a0e900eea07946950c9c96
        cellar: :any_skip_relocation
    linux_arm64:
        url: https://ghcr.io/v2/homebrew/core/varlock/blobs/sha256:8398382664f26ef61c765cb1d5475a3d1acf739a9975d6efb7180a24e5524457
        sha256: 8398382664f26ef61c765cb1d5475a3d1acf739a9975d6efb7180a24e5524457
        cellar: :any_skip_relocation
source:
    url: https://registry.npmjs.org/varlock/-/varlock-1.16.1.tgz
    sha256: f48e8a3b33985bb308625dcceb1bd6aa67fcbb7f317ad05e770198fc72dd17d9
