name: varlock
version: 1.18.0
description: Add declarative schema to .env files using @env-spec decorator comments
homepage: https://varlock.dev
license: MIT
url:
    darwin_amd64: https://registry.npmjs.org/varlock/-/varlock-1.18.0.tgz
    darwin_amd64_10: https://registry.npmjs.org/varlock/-/varlock-1.18.0.tgz
    darwin_amd64_11: https://registry.npmjs.org/varlock/-/varlock-1.18.0.tgz
    darwin_amd64_12: https://registry.npmjs.org/varlock/-/varlock-1.18.0.tgz
    darwin_amd64_13: https://registry.npmjs.org/varlock/-/varlock-1.18.0.tgz
    darwin_amd64_14: https://registry.npmjs.org/varlock/-/varlock-1.18.0.tgz
    darwin_amd64_15: https://registry.npmjs.org/varlock/-/varlock-1.18.0.tgz
    darwin_amd64_16: https://registry.npmjs.org/varlock/-/varlock-1.18.0.tgz
    darwin_arm64: https://registry.npmjs.org/varlock/-/varlock-1.18.0.tgz
    darwin_arm64_11: https://registry.npmjs.org/varlock/-/varlock-1.18.0.tgz
    darwin_arm64_12: https://registry.npmjs.org/varlock/-/varlock-1.18.0.tgz
    darwin_arm64_13: https://registry.npmjs.org/varlock/-/varlock-1.18.0.tgz
    darwin_arm64_14: https://registry.npmjs.org/varlock/-/varlock-1.18.0.tgz
    darwin_arm64_15: https://registry.npmjs.org/varlock/-/varlock-1.18.0.tgz
    darwin_arm64_16: https://registry.npmjs.org/varlock/-/varlock-1.18.0.tgz
    linux_amd64: https://registry.npmjs.org/varlock/-/varlock-1.18.0.tgz
    linux_arm64: https://registry.npmjs.org/varlock/-/varlock-1.18.0.tgz
sha256:
    darwin_amd64: 22297d7da0cce18a7bfb676c1d8d9cf2827ca3ee9354b852bbfe8a9f501b85c1
    darwin_amd64_10: 22297d7da0cce18a7bfb676c1d8d9cf2827ca3ee9354b852bbfe8a9f501b85c1
    darwin_amd64_11: 22297d7da0cce18a7bfb676c1d8d9cf2827ca3ee9354b852bbfe8a9f501b85c1
    darwin_amd64_12: 22297d7da0cce18a7bfb676c1d8d9cf2827ca3ee9354b852bbfe8a9f501b85c1
    darwin_amd64_13: 22297d7da0cce18a7bfb676c1d8d9cf2827ca3ee9354b852bbfe8a9f501b85c1
    darwin_amd64_14: 22297d7da0cce18a7bfb676c1d8d9cf2827ca3ee9354b852bbfe8a9f501b85c1
    darwin_amd64_15: 22297d7da0cce18a7bfb676c1d8d9cf2827ca3ee9354b852bbfe8a9f501b85c1
    darwin_amd64_16: 22297d7da0cce18a7bfb676c1d8d9cf2827ca3ee9354b852bbfe8a9f501b85c1
    darwin_arm64: 22297d7da0cce18a7bfb676c1d8d9cf2827ca3ee9354b852bbfe8a9f501b85c1
    darwin_arm64_11: 22297d7da0cce18a7bfb676c1d8d9cf2827ca3ee9354b852bbfe8a9f501b85c1
    darwin_arm64_12: 22297d7da0cce18a7bfb676c1d8d9cf2827ca3ee9354b852bbfe8a9f501b85c1
    darwin_arm64_13: 22297d7da0cce18a7bfb676c1d8d9cf2827ca3ee9354b852bbfe8a9f501b85c1
    darwin_arm64_14: 22297d7da0cce18a7bfb676c1d8d9cf2827ca3ee9354b852bbfe8a9f501b85c1
    darwin_arm64_15: 22297d7da0cce18a7bfb676c1d8d9cf2827ca3ee9354b852bbfe8a9f501b85c1
    darwin_arm64_16: 22297d7da0cce18a7bfb676c1d8d9cf2827ca3ee9354b852bbfe8a9f501b85c1
    linux_amd64: 22297d7da0cce18a7bfb676c1d8d9cf2827ca3ee9354b852bbfe8a9f501b85c1
    linux_arm64: 22297d7da0cce18a7bfb676c1d8d9cf2827ca3ee9354b852bbfe8a9f501b85c1
install:
    type: archive
    strip_components: 2
    format: tar.gz
dependencies:
    - node
bottle:
    darwin_arm64:
        url: https://ghcr.io/v2/homebrew/core/varlock/blobs/sha256:fdc8df4cecf38415482d46543544d8bc78d0b01c786f03cce9003876a64ab405
        sha256: fdc8df4cecf38415482d46543544d8bc78d0b01c786f03cce9003876a64ab405
        cellar: :any_skip_relocation
    darwin_arm64_14:
        url: https://ghcr.io/v2/homebrew/core/varlock/blobs/sha256:fdc8df4cecf38415482d46543544d8bc78d0b01c786f03cce9003876a64ab405
        sha256: fdc8df4cecf38415482d46543544d8bc78d0b01c786f03cce9003876a64ab405
        cellar: :any_skip_relocation
    darwin_arm64_15:
        url: https://ghcr.io/v2/homebrew/core/varlock/blobs/sha256:fdc8df4cecf38415482d46543544d8bc78d0b01c786f03cce9003876a64ab405
        sha256: fdc8df4cecf38415482d46543544d8bc78d0b01c786f03cce9003876a64ab405
        cellar: :any_skip_relocation
    darwin_arm64_16:
        url: https://ghcr.io/v2/homebrew/core/varlock/blobs/sha256:fdc8df4cecf38415482d46543544d8bc78d0b01c786f03cce9003876a64ab405
        sha256: fdc8df4cecf38415482d46543544d8bc78d0b01c786f03cce9003876a64ab405
        cellar: :any_skip_relocation
    linux_amd64:
        url: https://ghcr.io/v2/homebrew/core/varlock/blobs/sha256:b2fa87c297224df67949847349ffde234826464c48dd95c6cd9dd689f014212e
        sha256: b2fa87c297224df67949847349ffde234826464c48dd95c6cd9dd689f014212e
        cellar: :any_skip_relocation
    linux_arm64:
        url: https://ghcr.io/v2/homebrew/core/varlock/blobs/sha256:960e61e71e811a70731e371a3f5d2da60d673c6a99be821578226dd859c7aa76
        sha256: 960e61e71e811a70731e371a3f5d2da60d673c6a99be821578226dd859c7aa76
        cellar: :any_skip_relocation
source:
    url: https://registry.npmjs.org/varlock/-/varlock-1.18.0.tgz
    sha256: 22297d7da0cce18a7bfb676c1d8d9cf2827ca3ee9354b852bbfe8a9f501b85c1
