name: conda-lock
version: 4.0.1
description: Lightweight lockfile for conda environments
homepage: https://conda.github.io/conda-lock/
license: MIT
url:
    darwin_amd64: https://files.pythonhosted.org/packages/0c/24/a26b28fbff0eee3c10f8153bcfd9b9dfc234e7acf89c07e08852bd23d0f0/conda_lock-4.0.1.tar.gz
    darwin_amd64_10: https://files.pythonhosted.org/packages/0c/24/a26b28fbff0eee3c10f8153bcfd9b9dfc234e7acf89c07e08852bd23d0f0/conda_lock-4.0.1.tar.gz
    darwin_amd64_11: https://files.pythonhosted.org/packages/0c/24/a26b28fbff0eee3c10f8153bcfd9b9dfc234e7acf89c07e08852bd23d0f0/conda_lock-4.0.1.tar.gz
    darwin_amd64_12: https://files.pythonhosted.org/packages/0c/24/a26b28fbff0eee3c10f8153bcfd9b9dfc234e7acf89c07e08852bd23d0f0/conda_lock-4.0.1.tar.gz
    darwin_amd64_13: https://files.pythonhosted.org/packages/0c/24/a26b28fbff0eee3c10f8153bcfd9b9dfc234e7acf89c07e08852bd23d0f0/conda_lock-4.0.1.tar.gz
    darwin_amd64_14: https://files.pythonhosted.org/packages/0c/24/a26b28fbff0eee3c10f8153bcfd9b9dfc234e7acf89c07e08852bd23d0f0/conda_lock-4.0.1.tar.gz
    darwin_amd64_15: https://files.pythonhosted.org/packages/0c/24/a26b28fbff0eee3c10f8153bcfd9b9dfc234e7acf89c07e08852bd23d0f0/conda_lock-4.0.1.tar.gz
    darwin_amd64_16: https://files.pythonhosted.org/packages/0c/24/a26b28fbff0eee3c10f8153bcfd9b9dfc234e7acf89c07e08852bd23d0f0/conda_lock-4.0.1.tar.gz
    darwin_arm64: https://files.pythonhosted.org/packages/0c/24/a26b28fbff0eee3c10f8153bcfd9b9dfc234e7acf89c07e08852bd23d0f0/conda_lock-4.0.1.tar.gz
    darwin_arm64_11: https://files.pythonhosted.org/packages/0c/24/a26b28fbff0eee3c10f8153bcfd9b9dfc234e7acf89c07e08852bd23d0f0/conda_lock-4.0.1.tar.gz
    darwin_arm64_12: https://files.pythonhosted.org/packages/0c/24/a26b28fbff0eee3c10f8153bcfd9b9dfc234e7acf89c07e08852bd23d0f0/conda_lock-4.0.1.tar.gz
    darwin_arm64_13: https://files.pythonhosted.org/packages/0c/24/a26b28fbff0eee3c10f8153bcfd9b9dfc234e7acf89c07e08852bd23d0f0/conda_lock-4.0.1.tar.gz
    darwin_arm64_14: https://files.pythonhosted.org/packages/0c/24/a26b28fbff0eee3c10f8153bcfd9b9dfc234e7acf89c07e08852bd23d0f0/conda_lock-4.0.1.tar.gz
    darwin_arm64_15: https://files.pythonhosted.org/packages/0c/24/a26b28fbff0eee3c10f8153bcfd9b9dfc234e7acf89c07e08852bd23d0f0/conda_lock-4.0.1.tar.gz
    darwin_arm64_16: https://files.pythonhosted.org/packages/0c/24/a26b28fbff0eee3c10f8153bcfd9b9dfc234e7acf89c07e08852bd23d0f0/conda_lock-4.0.1.tar.gz
    linux_amd64: https://files.pythonhosted.org/packages/0c/24/a26b28fbff0eee3c10f8153bcfd9b9dfc234e7acf89c07e08852bd23d0f0/conda_lock-4.0.1.tar.gz
    linux_arm64: https://files.pythonhosted.org/packages/0c/24/a26b28fbff0eee3c10f8153bcfd9b9dfc234e7acf89c07e08852bd23d0f0/conda_lock-4.0.1.tar.gz
sha256:
    darwin_amd64: b0dea35c2d10ad9fe07bacfcb79c090e4817aa148aa493a9faff55415899bd30
    darwin_amd64_10: b0dea35c2d10ad9fe07bacfcb79c090e4817aa148aa493a9faff55415899bd30
    darwin_amd64_11: b0dea35c2d10ad9fe07bacfcb79c090e4817aa148aa493a9faff55415899bd30
    darwin_amd64_12: b0dea35c2d10ad9fe07bacfcb79c090e4817aa148aa493a9faff55415899bd30
    darwin_amd64_13: b0dea35c2d10ad9fe07bacfcb79c090e4817aa148aa493a9faff55415899bd30
    darwin_amd64_14: b0dea35c2d10ad9fe07bacfcb79c090e4817aa148aa493a9faff55415899bd30
    darwin_amd64_15: b0dea35c2d10ad9fe07bacfcb79c090e4817aa148aa493a9faff55415899bd30
    darwin_amd64_16: b0dea35c2d10ad9fe07bacfcb79c090e4817aa148aa493a9faff55415899bd30
    darwin_arm64: b0dea35c2d10ad9fe07bacfcb79c090e4817aa148aa493a9faff55415899bd30
    darwin_arm64_11: b0dea35c2d10ad9fe07bacfcb79c090e4817aa148aa493a9faff55415899bd30
    darwin_arm64_12: b0dea35c2d10ad9fe07bacfcb79c090e4817aa148aa493a9faff55415899bd30
    darwin_arm64_13: b0dea35c2d10ad9fe07bacfcb79c090e4817aa148aa493a9faff55415899bd30
    darwin_arm64_14: b0dea35c2d10ad9fe07bacfcb79c090e4817aa148aa493a9faff55415899bd30
    darwin_arm64_15: b0dea35c2d10ad9fe07bacfcb79c090e4817aa148aa493a9faff55415899bd30
    darwin_arm64_16: b0dea35c2d10ad9fe07bacfcb79c090e4817aa148aa493a9faff55415899bd30
    linux_amd64: b0dea35c2d10ad9fe07bacfcb79c090e4817aa148aa493a9faff55415899bd30
    linux_arm64: b0dea35c2d10ad9fe07bacfcb79c090e4817aa148aa493a9faff55415899bd30
install:
    type: archive
    strip_components: 2
    format: tar.gz
dependencies:
    - certifi
    - libyaml
    - pydantic
    - python@3.14
    - zstd
bottle:
    darwin_amd64:
        url: https://ghcr.io/v2/homebrew/core/conda-lock/blobs/sha256:e01ea9a1a72ff3475fc2f92a8cd70b5d0b81b94121dedc2c6e5d5f05585a08af
        sha256: e01ea9a1a72ff3475fc2f92a8cd70b5d0b81b94121dedc2c6e5d5f05585a08af
        cellar: :any
    darwin_amd64_14:
        url: https://ghcr.io/v2/homebrew/core/conda-lock/blobs/sha256:e01ea9a1a72ff3475fc2f92a8cd70b5d0b81b94121dedc2c6e5d5f05585a08af
        sha256: e01ea9a1a72ff3475fc2f92a8cd70b5d0b81b94121dedc2c6e5d5f05585a08af
        cellar: :any
    darwin_amd64_15:
        url: https://ghcr.io/v2/homebrew/core/conda-lock/blobs/sha256:e01ea9a1a72ff3475fc2f92a8cd70b5d0b81b94121dedc2c6e5d5f05585a08af
        sha256: e01ea9a1a72ff3475fc2f92a8cd70b5d0b81b94121dedc2c6e5d5f05585a08af
        cellar: :any
    darwin_amd64_16:
        url: https://ghcr.io/v2/homebrew/core/conda-lock/blobs/sha256:e01ea9a1a72ff3475fc2f92a8cd70b5d0b81b94121dedc2c6e5d5f05585a08af
        sha256: e01ea9a1a72ff3475fc2f92a8cd70b5d0b81b94121dedc2c6e5d5f05585a08af
        cellar: :any
    darwin_arm64:
        url: https://ghcr.io/v2/homebrew/core/conda-lock/blobs/sha256:59fe04005e50dc91247ee17941ef02dfe1f434aedb0dac1fd792f6c4208e4166
        sha256: 59fe04005e50dc91247ee17941ef02dfe1f434aedb0dac1fd792f6c4208e4166
        cellar: :any
    darwin_arm64_14:
        url: https://ghcr.io/v2/homebrew/core/conda-lock/blobs/sha256:a3c92c8aa1cdaec3d339efab2d1a323568f685a20df7bc2df801eab5599cf5ef
        sha256: a3c92c8aa1cdaec3d339efab2d1a323568f685a20df7bc2df801eab5599cf5ef
        cellar: :any
    darwin_arm64_15:
        url: https://ghcr.io/v2/homebrew/core/conda-lock/blobs/sha256:7cb4dc1d90b01471dbd8f73b21d34c084f70dca057a4a6599341bde25600065c
        sha256: 7cb4dc1d90b01471dbd8f73b21d34c084f70dca057a4a6599341bde25600065c
        cellar: :any
    darwin_arm64_16:
        url: https://ghcr.io/v2/homebrew/core/conda-lock/blobs/sha256:59fe04005e50dc91247ee17941ef02dfe1f434aedb0dac1fd792f6c4208e4166
        sha256: 59fe04005e50dc91247ee17941ef02dfe1f434aedb0dac1fd792f6c4208e4166
        cellar: :any
    linux_amd64:
        url: https://ghcr.io/v2/homebrew/core/conda-lock/blobs/sha256:7d29926445dda246295e677ef368167f856a3be5b59f926221df994745d82222
        sha256: 7d29926445dda246295e677ef368167f856a3be5b59f926221df994745d82222
        cellar: :any
    linux_arm64:
        url: https://ghcr.io/v2/homebrew/core/conda-lock/blobs/sha256:89dfd8ebc2f9ac27fda6476b5b2204fa018703fe88429dc0f30361d286d41d00
        sha256: 89dfd8ebc2f9ac27fda6476b5b2204fa018703fe88429dc0f30361d286d41d00
        cellar: :any
source:
    url: https://files.pythonhosted.org/packages/0c/24/a26b28fbff0eee3c10f8153bcfd9b9dfc234e7acf89c07e08852bd23d0f0/conda_lock-4.0.1.tar.gz
    sha256: b0dea35c2d10ad9fe07bacfcb79c090e4817aa148aa493a9faff55415899bd30
build_dependencies:
    - rust
