name: conda-lock
version: 4.0.1
description: Lightweight lockfile for conda environments
homepage: https://conda.github.io/conda-lock/
license: MIT
url:
    darwin_amd64: https://files.pythonhosted.org/packages/0c/24/a26b28fbff0eee3c10f8153bcfd9b9dfc234e7acf89c07e08852bd23d0f0/conda_lock-4.0.1.tar.gz
    darwin_amd64_10: https://files.pythonhosted.org/packages/0c/24/a26b28fbff0eee3c10f8153bcfd9b9dfc234e7acf89c07e08852bd23d0f0/conda_lock-4.0.1.tar.gz
    darwin_amd64_11: https://files.pythonhosted.org/packages/0c/24/a26b28fbff0eee3c10f8153bcfd9b9dfc234e7acf89c07e08852bd23d0f0/conda_lock-4.0.1.tar.gz
    darwin_amd64_12: https://files.pythonhosted.org/packages/0c/24/a26b28fbff0eee3c10f8153bcfd9b9dfc234e7acf89c07e08852bd23d0f0/conda_lock-4.0.1.tar.gz
    darwin_amd64_13: https://files.pythonhosted.org/packages/0c/24/a26b28fbff0eee3c10f8153bcfd9b9dfc234e7acf89c07e08852bd23d0f0/conda_lock-4.0.1.tar.gz
    darwin_amd64_14: https://files.pythonhosted.org/packages/0c/24/a26b28fbff0eee3c10f8153bcfd9b9dfc234e7acf89c07e08852bd23d0f0/conda_lock-4.0.1.tar.gz
    darwin_amd64_15: https://files.pythonhosted.org/packages/0c/24/a26b28fbff0eee3c10f8153bcfd9b9dfc234e7acf89c07e08852bd23d0f0/conda_lock-4.0.1.tar.gz
    darwin_amd64_16: https://files.pythonhosted.org/packages/0c/24/a26b28fbff0eee3c10f8153bcfd9b9dfc234e7acf89c07e08852bd23d0f0/conda_lock-4.0.1.tar.gz
    darwin_arm64: https://files.pythonhosted.org/packages/0c/24/a26b28fbff0eee3c10f8153bcfd9b9dfc234e7acf89c07e08852bd23d0f0/conda_lock-4.0.1.tar.gz
    darwin_arm64_11: https://files.pythonhosted.org/packages/0c/24/a26b28fbff0eee3c10f8153bcfd9b9dfc234e7acf89c07e08852bd23d0f0/conda_lock-4.0.1.tar.gz
    darwin_arm64_12: https://files.pythonhosted.org/packages/0c/24/a26b28fbff0eee3c10f8153bcfd9b9dfc234e7acf89c07e08852bd23d0f0/conda_lock-4.0.1.tar.gz
    darwin_arm64_13: https://files.pythonhosted.org/packages/0c/24/a26b28fbff0eee3c10f8153bcfd9b9dfc234e7acf89c07e08852bd23d0f0/conda_lock-4.0.1.tar.gz
    darwin_arm64_14: https://files.pythonhosted.org/packages/0c/24/a26b28fbff0eee3c10f8153bcfd9b9dfc234e7acf89c07e08852bd23d0f0/conda_lock-4.0.1.tar.gz
    darwin_arm64_15: https://files.pythonhosted.org/packages/0c/24/a26b28fbff0eee3c10f8153bcfd9b9dfc234e7acf89c07e08852bd23d0f0/conda_lock-4.0.1.tar.gz
    darwin_arm64_16: https://files.pythonhosted.org/packages/0c/24/a26b28fbff0eee3c10f8153bcfd9b9dfc234e7acf89c07e08852bd23d0f0/conda_lock-4.0.1.tar.gz
    linux_amd64: https://files.pythonhosted.org/packages/0c/24/a26b28fbff0eee3c10f8153bcfd9b9dfc234e7acf89c07e08852bd23d0f0/conda_lock-4.0.1.tar.gz
    linux_arm64: https://files.pythonhosted.org/packages/0c/24/a26b28fbff0eee3c10f8153bcfd9b9dfc234e7acf89c07e08852bd23d0f0/conda_lock-4.0.1.tar.gz
sha256:
    darwin_amd64: b0dea35c2d10ad9fe07bacfcb79c090e4817aa148aa493a9faff55415899bd30
    darwin_amd64_10: b0dea35c2d10ad9fe07bacfcb79c090e4817aa148aa493a9faff55415899bd30
    darwin_amd64_11: b0dea35c2d10ad9fe07bacfcb79c090e4817aa148aa493a9faff55415899bd30
    darwin_amd64_12: b0dea35c2d10ad9fe07bacfcb79c090e4817aa148aa493a9faff55415899bd30
    darwin_amd64_13: b0dea35c2d10ad9fe07bacfcb79c090e4817aa148aa493a9faff55415899bd30
    darwin_amd64_14: b0dea35c2d10ad9fe07bacfcb79c090e4817aa148aa493a9faff55415899bd30
    darwin_amd64_15: b0dea35c2d10ad9fe07bacfcb79c090e4817aa148aa493a9faff55415899bd30
    darwin_amd64_16: b0dea35c2d10ad9fe07bacfcb79c090e4817aa148aa493a9faff55415899bd30
    darwin_arm64: b0dea35c2d10ad9fe07bacfcb79c090e4817aa148aa493a9faff55415899bd30
    darwin_arm64_11: b0dea35c2d10ad9fe07bacfcb79c090e4817aa148aa493a9faff55415899bd30
    darwin_arm64_12: b0dea35c2d10ad9fe07bacfcb79c090e4817aa148aa493a9faff55415899bd30
    darwin_arm64_13: b0dea35c2d10ad9fe07bacfcb79c090e4817aa148aa493a9faff55415899bd30
    darwin_arm64_14: b0dea35c2d10ad9fe07bacfcb79c090e4817aa148aa493a9faff55415899bd30
    darwin_arm64_15: b0dea35c2d10ad9fe07bacfcb79c090e4817aa148aa493a9faff55415899bd30
    darwin_arm64_16: b0dea35c2d10ad9fe07bacfcb79c090e4817aa148aa493a9faff55415899bd30
    linux_amd64: b0dea35c2d10ad9fe07bacfcb79c090e4817aa148aa493a9faff55415899bd30
    linux_arm64: b0dea35c2d10ad9fe07bacfcb79c090e4817aa148aa493a9faff55415899bd30
install:
    type: archive
    strip_components: 2
    format: tar.gz
dependencies:
    - certifi
    - libyaml
    - pydantic
    - python@3.14
    - zstd
bottle:
    darwin_amd64:
        url: https://ghcr.io/v2/homebrew/core/conda-lock/blobs/sha256:7db4e422bb954acb1e4a4aa808194c71a7fe5de2d4a27c5c0e4d4cfd4d924c51
        sha256: 7db4e422bb954acb1e4a4aa808194c71a7fe5de2d4a27c5c0e4d4cfd4d924c51
        cellar: :any
    darwin_amd64_14:
        url: https://ghcr.io/v2/homebrew/core/conda-lock/blobs/sha256:7db4e422bb954acb1e4a4aa808194c71a7fe5de2d4a27c5c0e4d4cfd4d924c51
        sha256: 7db4e422bb954acb1e4a4aa808194c71a7fe5de2d4a27c5c0e4d4cfd4d924c51
        cellar: :any
    darwin_amd64_15:
        url: https://ghcr.io/v2/homebrew/core/conda-lock/blobs/sha256:7db4e422bb954acb1e4a4aa808194c71a7fe5de2d4a27c5c0e4d4cfd4d924c51
        sha256: 7db4e422bb954acb1e4a4aa808194c71a7fe5de2d4a27c5c0e4d4cfd4d924c51
        cellar: :any
    darwin_amd64_16:
        url: https://ghcr.io/v2/homebrew/core/conda-lock/blobs/sha256:7db4e422bb954acb1e4a4aa808194c71a7fe5de2d4a27c5c0e4d4cfd4d924c51
        sha256: 7db4e422bb954acb1e4a4aa808194c71a7fe5de2d4a27c5c0e4d4cfd4d924c51
        cellar: :any
    darwin_arm64:
        url: https://ghcr.io/v2/homebrew/core/conda-lock/blobs/sha256:dc08424f059575ba55a1bdd1270476997de0a181ff7af7263de088691c0f0da0
        sha256: dc08424f059575ba55a1bdd1270476997de0a181ff7af7263de088691c0f0da0
        cellar: :any
    darwin_arm64_14:
        url: https://ghcr.io/v2/homebrew/core/conda-lock/blobs/sha256:282875996f2ad438e6bf0221e7d180b4da29b7f1a8afd59d90078c76913b585f
        sha256: 282875996f2ad438e6bf0221e7d180b4da29b7f1a8afd59d90078c76913b585f
        cellar: :any
    darwin_arm64_15:
        url: https://ghcr.io/v2/homebrew/core/conda-lock/blobs/sha256:e869cc65dd20d8d236e023396471df7239c6177ccbc7e017d8c6deb4360d6354
        sha256: e869cc65dd20d8d236e023396471df7239c6177ccbc7e017d8c6deb4360d6354
        cellar: :any
    darwin_arm64_16:
        url: https://ghcr.io/v2/homebrew/core/conda-lock/blobs/sha256:dc08424f059575ba55a1bdd1270476997de0a181ff7af7263de088691c0f0da0
        sha256: dc08424f059575ba55a1bdd1270476997de0a181ff7af7263de088691c0f0da0
        cellar: :any
    linux_amd64:
        url: https://ghcr.io/v2/homebrew/core/conda-lock/blobs/sha256:2c74403e87cf0fc21935d61c03b469e0849a37358690b77ccc4b2f275c563fb4
        sha256: 2c74403e87cf0fc21935d61c03b469e0849a37358690b77ccc4b2f275c563fb4
        cellar: :any
    linux_arm64:
        url: https://ghcr.io/v2/homebrew/core/conda-lock/blobs/sha256:d1339ed6ce5753c669d86af9f46f487b66217430ec2c5342e6a45b97b1022e2f
        sha256: d1339ed6ce5753c669d86af9f46f487b66217430ec2c5342e6a45b97b1022e2f
        cellar: :any
source:
    url: https://files.pythonhosted.org/packages/0c/24/a26b28fbff0eee3c10f8153bcfd9b9dfc234e7acf89c07e08852bd23d0f0/conda_lock-4.0.1.tar.gz
    sha256: b0dea35c2d10ad9fe07bacfcb79c090e4817aa148aa493a9faff55415899bd30
build_dependencies:
    - rust
