name: conda-lock
version: 4.0.2
description: Lightweight lockfile for conda environments
homepage: https://conda.github.io/conda-lock/
license: MIT
url:
    darwin_amd64: https://files.pythonhosted.org/packages/06/44/52deb5012f8ef85c224cb3b1638c09c3b3d70b2f9e101e893bb61b9ee9ba/conda_lock-4.0.2.tar.gz
    darwin_amd64_10: https://files.pythonhosted.org/packages/06/44/52deb5012f8ef85c224cb3b1638c09c3b3d70b2f9e101e893bb61b9ee9ba/conda_lock-4.0.2.tar.gz
    darwin_amd64_11: https://files.pythonhosted.org/packages/06/44/52deb5012f8ef85c224cb3b1638c09c3b3d70b2f9e101e893bb61b9ee9ba/conda_lock-4.0.2.tar.gz
    darwin_amd64_12: https://files.pythonhosted.org/packages/06/44/52deb5012f8ef85c224cb3b1638c09c3b3d70b2f9e101e893bb61b9ee9ba/conda_lock-4.0.2.tar.gz
    darwin_amd64_13: https://files.pythonhosted.org/packages/06/44/52deb5012f8ef85c224cb3b1638c09c3b3d70b2f9e101e893bb61b9ee9ba/conda_lock-4.0.2.tar.gz
    darwin_amd64_14: https://files.pythonhosted.org/packages/06/44/52deb5012f8ef85c224cb3b1638c09c3b3d70b2f9e101e893bb61b9ee9ba/conda_lock-4.0.2.tar.gz
    darwin_amd64_15: https://files.pythonhosted.org/packages/06/44/52deb5012f8ef85c224cb3b1638c09c3b3d70b2f9e101e893bb61b9ee9ba/conda_lock-4.0.2.tar.gz
    darwin_amd64_16: https://files.pythonhosted.org/packages/06/44/52deb5012f8ef85c224cb3b1638c09c3b3d70b2f9e101e893bb61b9ee9ba/conda_lock-4.0.2.tar.gz
    darwin_arm64: https://files.pythonhosted.org/packages/06/44/52deb5012f8ef85c224cb3b1638c09c3b3d70b2f9e101e893bb61b9ee9ba/conda_lock-4.0.2.tar.gz
    darwin_arm64_11: https://files.pythonhosted.org/packages/06/44/52deb5012f8ef85c224cb3b1638c09c3b3d70b2f9e101e893bb61b9ee9ba/conda_lock-4.0.2.tar.gz
    darwin_arm64_12: https://files.pythonhosted.org/packages/06/44/52deb5012f8ef85c224cb3b1638c09c3b3d70b2f9e101e893bb61b9ee9ba/conda_lock-4.0.2.tar.gz
    darwin_arm64_13: https://files.pythonhosted.org/packages/06/44/52deb5012f8ef85c224cb3b1638c09c3b3d70b2f9e101e893bb61b9ee9ba/conda_lock-4.0.2.tar.gz
    darwin_arm64_14: https://files.pythonhosted.org/packages/06/44/52deb5012f8ef85c224cb3b1638c09c3b3d70b2f9e101e893bb61b9ee9ba/conda_lock-4.0.2.tar.gz
    darwin_arm64_15: https://files.pythonhosted.org/packages/06/44/52deb5012f8ef85c224cb3b1638c09c3b3d70b2f9e101e893bb61b9ee9ba/conda_lock-4.0.2.tar.gz
    darwin_arm64_16: https://files.pythonhosted.org/packages/06/44/52deb5012f8ef85c224cb3b1638c09c3b3d70b2f9e101e893bb61b9ee9ba/conda_lock-4.0.2.tar.gz
    linux_amd64: https://files.pythonhosted.org/packages/06/44/52deb5012f8ef85c224cb3b1638c09c3b3d70b2f9e101e893bb61b9ee9ba/conda_lock-4.0.2.tar.gz
    linux_arm64: https://files.pythonhosted.org/packages/06/44/52deb5012f8ef85c224cb3b1638c09c3b3d70b2f9e101e893bb61b9ee9ba/conda_lock-4.0.2.tar.gz
sha256:
    darwin_amd64: c4ebc4404ea760b1dd0035d6403fa27e291050269a5fd1b629b89fcbc75ef32a
    darwin_amd64_10: c4ebc4404ea760b1dd0035d6403fa27e291050269a5fd1b629b89fcbc75ef32a
    darwin_amd64_11: c4ebc4404ea760b1dd0035d6403fa27e291050269a5fd1b629b89fcbc75ef32a
    darwin_amd64_12: c4ebc4404ea760b1dd0035d6403fa27e291050269a5fd1b629b89fcbc75ef32a
    darwin_amd64_13: c4ebc4404ea760b1dd0035d6403fa27e291050269a5fd1b629b89fcbc75ef32a
    darwin_amd64_14: c4ebc4404ea760b1dd0035d6403fa27e291050269a5fd1b629b89fcbc75ef32a
    darwin_amd64_15: c4ebc4404ea760b1dd0035d6403fa27e291050269a5fd1b629b89fcbc75ef32a
    darwin_amd64_16: c4ebc4404ea760b1dd0035d6403fa27e291050269a5fd1b629b89fcbc75ef32a
    darwin_arm64: c4ebc4404ea760b1dd0035d6403fa27e291050269a5fd1b629b89fcbc75ef32a
    darwin_arm64_11: c4ebc4404ea760b1dd0035d6403fa27e291050269a5fd1b629b89fcbc75ef32a
    darwin_arm64_12: c4ebc4404ea760b1dd0035d6403fa27e291050269a5fd1b629b89fcbc75ef32a
    darwin_arm64_13: c4ebc4404ea760b1dd0035d6403fa27e291050269a5fd1b629b89fcbc75ef32a
    darwin_arm64_14: c4ebc4404ea760b1dd0035d6403fa27e291050269a5fd1b629b89fcbc75ef32a
    darwin_arm64_15: c4ebc4404ea760b1dd0035d6403fa27e291050269a5fd1b629b89fcbc75ef32a
    darwin_arm64_16: c4ebc4404ea760b1dd0035d6403fa27e291050269a5fd1b629b89fcbc75ef32a
    linux_amd64: c4ebc4404ea760b1dd0035d6403fa27e291050269a5fd1b629b89fcbc75ef32a
    linux_arm64: c4ebc4404ea760b1dd0035d6403fa27e291050269a5fd1b629b89fcbc75ef32a
install:
    type: archive
    strip_components: 2
    format: tar.gz
dependencies:
    - certifi
    - libyaml
    - pydantic
    - python@3.14
    - zstd
bottle:
    darwin_amd64:
        url: https://ghcr.io/v2/homebrew/core/conda-lock/blobs/sha256:9bde48c57f866a6b7655a36b94b594ad4b6f618f3ca00232f4097ceed3b9e775
        sha256: 9bde48c57f866a6b7655a36b94b594ad4b6f618f3ca00232f4097ceed3b9e775
        cellar: :any
    darwin_amd64_14:
        url: https://ghcr.io/v2/homebrew/core/conda-lock/blobs/sha256:9bde48c57f866a6b7655a36b94b594ad4b6f618f3ca00232f4097ceed3b9e775
        sha256: 9bde48c57f866a6b7655a36b94b594ad4b6f618f3ca00232f4097ceed3b9e775
        cellar: :any
    darwin_amd64_15:
        url: https://ghcr.io/v2/homebrew/core/conda-lock/blobs/sha256:9bde48c57f866a6b7655a36b94b594ad4b6f618f3ca00232f4097ceed3b9e775
        sha256: 9bde48c57f866a6b7655a36b94b594ad4b6f618f3ca00232f4097ceed3b9e775
        cellar: :any
    darwin_amd64_16:
        url: https://ghcr.io/v2/homebrew/core/conda-lock/blobs/sha256:9bde48c57f866a6b7655a36b94b594ad4b6f618f3ca00232f4097ceed3b9e775
        sha256: 9bde48c57f866a6b7655a36b94b594ad4b6f618f3ca00232f4097ceed3b9e775
        cellar: :any
    darwin_arm64:
        url: https://ghcr.io/v2/homebrew/core/conda-lock/blobs/sha256:8d075358448533aa6bd3480e2a3a40f0be0562cf8e86fd20a0b25f6d1702fea5
        sha256: 8d075358448533aa6bd3480e2a3a40f0be0562cf8e86fd20a0b25f6d1702fea5
        cellar: :any
    darwin_arm64_14:
        url: https://ghcr.io/v2/homebrew/core/conda-lock/blobs/sha256:0771f08e5ae8c44bc2a8c244ff43bdeadebf6e50682ba12e0616df78b9f26b82
        sha256: 0771f08e5ae8c44bc2a8c244ff43bdeadebf6e50682ba12e0616df78b9f26b82
        cellar: :any
    darwin_arm64_15:
        url: https://ghcr.io/v2/homebrew/core/conda-lock/blobs/sha256:4b4ef231cc6c1b5f8729c61dc8b29af93ff80015295f2a7742320e1d0ded96e0
        sha256: 4b4ef231cc6c1b5f8729c61dc8b29af93ff80015295f2a7742320e1d0ded96e0
        cellar: :any
    darwin_arm64_16:
        url: https://ghcr.io/v2/homebrew/core/conda-lock/blobs/sha256:8d075358448533aa6bd3480e2a3a40f0be0562cf8e86fd20a0b25f6d1702fea5
        sha256: 8d075358448533aa6bd3480e2a3a40f0be0562cf8e86fd20a0b25f6d1702fea5
        cellar: :any
    linux_amd64:
        url: https://ghcr.io/v2/homebrew/core/conda-lock/blobs/sha256:52abdbc1f22d3a2a6018f450157bae26d991490cd831002a342c2190123a19ee
        sha256: 52abdbc1f22d3a2a6018f450157bae26d991490cd831002a342c2190123a19ee
        cellar: :any
    linux_arm64:
        url: https://ghcr.io/v2/homebrew/core/conda-lock/blobs/sha256:83fdc7415e2a9cfab302af305c8d0f367908bc984498bc5754c36176ef605005
        sha256: 83fdc7415e2a9cfab302af305c8d0f367908bc984498bc5754c36176ef605005
        cellar: :any
source:
    url: https://files.pythonhosted.org/packages/06/44/52deb5012f8ef85c224cb3b1638c09c3b3d70b2f9e101e893bb61b9ee9ba/conda_lock-4.0.2.tar.gz
    sha256: c4ebc4404ea760b1dd0035d6403fa27e291050269a5fd1b629b89fcbc75ef32a
build_dependencies:
    - rust
