name: hblock
version: 3.5.1
description: Adblocker that creates a hosts file from multiple sources
homepage: https://hblock.molinero.dev/
license: MIT
url:
    darwin_amd64: https://github.com/hectorm/hblock/archive/refs/tags/v3.5.1.tar.gz
    darwin_amd64_10: https://github.com/hectorm/hblock/archive/refs/tags/v3.5.1.tar.gz
    darwin_amd64_11: https://github.com/hectorm/hblock/archive/refs/tags/v3.5.1.tar.gz
    darwin_amd64_12: https://github.com/hectorm/hblock/archive/refs/tags/v3.5.1.tar.gz
    darwin_amd64_13: https://github.com/hectorm/hblock/archive/refs/tags/v3.5.1.tar.gz
    darwin_amd64_14: https://github.com/hectorm/hblock/archive/refs/tags/v3.5.1.tar.gz
    darwin_amd64_15: https://github.com/hectorm/hblock/archive/refs/tags/v3.5.1.tar.gz
    darwin_amd64_16: https://github.com/hectorm/hblock/archive/refs/tags/v3.5.1.tar.gz
    darwin_arm64: https://github.com/hectorm/hblock/archive/refs/tags/v3.5.1.tar.gz
    darwin_arm64_11: https://github.com/hectorm/hblock/archive/refs/tags/v3.5.1.tar.gz
    darwin_arm64_12: https://github.com/hectorm/hblock/archive/refs/tags/v3.5.1.tar.gz
    darwin_arm64_13: https://github.com/hectorm/hblock/archive/refs/tags/v3.5.1.tar.gz
    darwin_arm64_14: https://github.com/hectorm/hblock/archive/refs/tags/v3.5.1.tar.gz
    darwin_arm64_15: https://github.com/hectorm/hblock/archive/refs/tags/v3.5.1.tar.gz
    darwin_arm64_16: https://github.com/hectorm/hblock/archive/refs/tags/v3.5.1.tar.gz
    linux_amd64: https://github.com/hectorm/hblock/archive/refs/tags/v3.5.1.tar.gz
    linux_arm64: https://github.com/hectorm/hblock/archive/refs/tags/v3.5.1.tar.gz
sha256:
    darwin_amd64: af98a6753e5de1406b63cd1fabf4b3eae84816168c532dae40c83092acb69941
    darwin_amd64_10: af98a6753e5de1406b63cd1fabf4b3eae84816168c532dae40c83092acb69941
    darwin_amd64_11: af98a6753e5de1406b63cd1fabf4b3eae84816168c532dae40c83092acb69941
    darwin_amd64_12: af98a6753e5de1406b63cd1fabf4b3eae84816168c532dae40c83092acb69941
    darwin_amd64_13: af98a6753e5de1406b63cd1fabf4b3eae84816168c532dae40c83092acb69941
    darwin_amd64_14: af98a6753e5de1406b63cd1fabf4b3eae84816168c532dae40c83092acb69941
    darwin_amd64_15: af98a6753e5de1406b63cd1fabf4b3eae84816168c532dae40c83092acb69941
    darwin_amd64_16: af98a6753e5de1406b63cd1fabf4b3eae84816168c532dae40c83092acb69941
    darwin_arm64: af98a6753e5de1406b63cd1fabf4b3eae84816168c532dae40c83092acb69941
    darwin_arm64_11: af98a6753e5de1406b63cd1fabf4b3eae84816168c532dae40c83092acb69941
    darwin_arm64_12: af98a6753e5de1406b63cd1fabf4b3eae84816168c532dae40c83092acb69941
    darwin_arm64_13: af98a6753e5de1406b63cd1fabf4b3eae84816168c532dae40c83092acb69941
    darwin_arm64_14: af98a6753e5de1406b63cd1fabf4b3eae84816168c532dae40c83092acb69941
    darwin_arm64_15: af98a6753e5de1406b63cd1fabf4b3eae84816168c532dae40c83092acb69941
    darwin_arm64_16: af98a6753e5de1406b63cd1fabf4b3eae84816168c532dae40c83092acb69941
    linux_amd64: af98a6753e5de1406b63cd1fabf4b3eae84816168c532dae40c83092acb69941
    linux_arm64: af98a6753e5de1406b63cd1fabf4b3eae84816168c532dae40c83092acb69941
install:
    type: archive
    strip_components: 2
    format: tar.gz
bottle:
    darwin_amd64:
        url: https://ghcr.io/v2/homebrew/core/hblock/blobs/sha256:4b1d02f032f4ba28b0f3497231a40a3d4f47064f7a740064e16ed83aa6357f42
        sha256: 4b1d02f032f4ba28b0f3497231a40a3d4f47064f7a740064e16ed83aa6357f42
        cellar: :any_skip_relocation
    darwin_amd64_10:
        url: https://ghcr.io/v2/homebrew/core/hblock/blobs/sha256:4b1d02f032f4ba28b0f3497231a40a3d4f47064f7a740064e16ed83aa6357f42
        sha256: 4b1d02f032f4ba28b0f3497231a40a3d4f47064f7a740064e16ed83aa6357f42
        cellar: :any_skip_relocation
    darwin_amd64_11:
        url: https://ghcr.io/v2/homebrew/core/hblock/blobs/sha256:4b1d02f032f4ba28b0f3497231a40a3d4f47064f7a740064e16ed83aa6357f42
        sha256: 4b1d02f032f4ba28b0f3497231a40a3d4f47064f7a740064e16ed83aa6357f42
        cellar: :any_skip_relocation
    darwin_amd64_12:
        url: https://ghcr.io/v2/homebrew/core/hblock/blobs/sha256:4b1d02f032f4ba28b0f3497231a40a3d4f47064f7a740064e16ed83aa6357f42
        sha256: 4b1d02f032f4ba28b0f3497231a40a3d4f47064f7a740064e16ed83aa6357f42
        cellar: :any_skip_relocation
    darwin_amd64_13:
        url: https://ghcr.io/v2/homebrew/core/hblock/blobs/sha256:4b1d02f032f4ba28b0f3497231a40a3d4f47064f7a740064e16ed83aa6357f42
        sha256: 4b1d02f032f4ba28b0f3497231a40a3d4f47064f7a740064e16ed83aa6357f42
        cellar: :any_skip_relocation
    darwin_amd64_14:
        url: https://ghcr.io/v2/homebrew/core/hblock/blobs/sha256:4b1d02f032f4ba28b0f3497231a40a3d4f47064f7a740064e16ed83aa6357f42
        sha256: 4b1d02f032f4ba28b0f3497231a40a3d4f47064f7a740064e16ed83aa6357f42
        cellar: :any_skip_relocation
    darwin_amd64_15:
        url: https://ghcr.io/v2/homebrew/core/hblock/blobs/sha256:4b1d02f032f4ba28b0f3497231a40a3d4f47064f7a740064e16ed83aa6357f42
        sha256: 4b1d02f032f4ba28b0f3497231a40a3d4f47064f7a740064e16ed83aa6357f42
        cellar: :any_skip_relocation
    darwin_amd64_16:
        url: https://ghcr.io/v2/homebrew/core/hblock/blobs/sha256:4b1d02f032f4ba28b0f3497231a40a3d4f47064f7a740064e16ed83aa6357f42
        sha256: 4b1d02f032f4ba28b0f3497231a40a3d4f47064f7a740064e16ed83aa6357f42
        cellar: :any_skip_relocation
    darwin_arm64:
        url: https://ghcr.io/v2/homebrew/core/hblock/blobs/sha256:4b1d02f032f4ba28b0f3497231a40a3d4f47064f7a740064e16ed83aa6357f42
        sha256: 4b1d02f032f4ba28b0f3497231a40a3d4f47064f7a740064e16ed83aa6357f42
        cellar: :any_skip_relocation
    darwin_arm64_11:
        url: https://ghcr.io/v2/homebrew/core/hblock/blobs/sha256:4b1d02f032f4ba28b0f3497231a40a3d4f47064f7a740064e16ed83aa6357f42
        sha256: 4b1d02f032f4ba28b0f3497231a40a3d4f47064f7a740064e16ed83aa6357f42
        cellar: :any_skip_relocation
    darwin_arm64_12:
        url: https://ghcr.io/v2/homebrew/core/hblock/blobs/sha256:4b1d02f032f4ba28b0f3497231a40a3d4f47064f7a740064e16ed83aa6357f42
        sha256: 4b1d02f032f4ba28b0f3497231a40a3d4f47064f7a740064e16ed83aa6357f42
        cellar: :any_skip_relocation
    darwin_arm64_13:
        url: https://ghcr.io/v2/homebrew/core/hblock/blobs/sha256:4b1d02f032f4ba28b0f3497231a40a3d4f47064f7a740064e16ed83aa6357f42
        sha256: 4b1d02f032f4ba28b0f3497231a40a3d4f47064f7a740064e16ed83aa6357f42
        cellar: :any_skip_relocation
    darwin_arm64_14:
        url: https://ghcr.io/v2/homebrew/core/hblock/blobs/sha256:4b1d02f032f4ba28b0f3497231a40a3d4f47064f7a740064e16ed83aa6357f42
        sha256: 4b1d02f032f4ba28b0f3497231a40a3d4f47064f7a740064e16ed83aa6357f42
        cellar: :any_skip_relocation
    darwin_arm64_15:
        url: https://ghcr.io/v2/homebrew/core/hblock/blobs/sha256:4b1d02f032f4ba28b0f3497231a40a3d4f47064f7a740064e16ed83aa6357f42
        sha256: 4b1d02f032f4ba28b0f3497231a40a3d4f47064f7a740064e16ed83aa6357f42
        cellar: :any_skip_relocation
    darwin_arm64_16:
        url: https://ghcr.io/v2/homebrew/core/hblock/blobs/sha256:4b1d02f032f4ba28b0f3497231a40a3d4f47064f7a740064e16ed83aa6357f42
        sha256: 4b1d02f032f4ba28b0f3497231a40a3d4f47064f7a740064e16ed83aa6357f42
        cellar: :any_skip_relocation
    linux_amd64:
        url: https://ghcr.io/v2/homebrew/core/hblock/blobs/sha256:4b1d02f032f4ba28b0f3497231a40a3d4f47064f7a740064e16ed83aa6357f42
        sha256: 4b1d02f032f4ba28b0f3497231a40a3d4f47064f7a740064e16ed83aa6357f42
        cellar: :any_skip_relocation
    linux_arm64:
        url: https://ghcr.io/v2/homebrew/core/hblock/blobs/sha256:4b1d02f032f4ba28b0f3497231a40a3d4f47064f7a740064e16ed83aa6357f42
        sha256: 4b1d02f032f4ba28b0f3497231a40a3d4f47064f7a740064e16ed83aa6357f42
        cellar: :any_skip_relocation
source:
    url: https://github.com/hectorm/hblock/archive/refs/tags/v3.5.1.tar.gz
    sha256: af98a6753e5de1406b63cd1fabf4b3eae84816168c532dae40c83092acb69941
