name: sherlock
version: 0.16.0
description: Hunt down social media accounts by username
homepage: https://sherlockproject.xyz/
license: MIT
url:
    darwin_amd64: https://files.pythonhosted.org/packages/76/17/d29f35df6ec6424ec15f273a31ad54ad314d1f9056321fb824bed4eda128/sherlock_project-0.16.0.tar.gz
    darwin_amd64_10: https://files.pythonhosted.org/packages/76/17/d29f35df6ec6424ec15f273a31ad54ad314d1f9056321fb824bed4eda128/sherlock_project-0.16.0.tar.gz
    darwin_amd64_11: https://files.pythonhosted.org/packages/76/17/d29f35df6ec6424ec15f273a31ad54ad314d1f9056321fb824bed4eda128/sherlock_project-0.16.0.tar.gz
    darwin_amd64_12: https://files.pythonhosted.org/packages/76/17/d29f35df6ec6424ec15f273a31ad54ad314d1f9056321fb824bed4eda128/sherlock_project-0.16.0.tar.gz
    darwin_amd64_13: https://files.pythonhosted.org/packages/76/17/d29f35df6ec6424ec15f273a31ad54ad314d1f9056321fb824bed4eda128/sherlock_project-0.16.0.tar.gz
    darwin_amd64_14: https://files.pythonhosted.org/packages/76/17/d29f35df6ec6424ec15f273a31ad54ad314d1f9056321fb824bed4eda128/sherlock_project-0.16.0.tar.gz
    darwin_amd64_15: https://files.pythonhosted.org/packages/76/17/d29f35df6ec6424ec15f273a31ad54ad314d1f9056321fb824bed4eda128/sherlock_project-0.16.0.tar.gz
    darwin_arm64: https://files.pythonhosted.org/packages/76/17/d29f35df6ec6424ec15f273a31ad54ad314d1f9056321fb824bed4eda128/sherlock_project-0.16.0.tar.gz
    darwin_arm64_11: https://files.pythonhosted.org/packages/76/17/d29f35df6ec6424ec15f273a31ad54ad314d1f9056321fb824bed4eda128/sherlock_project-0.16.0.tar.gz
    darwin_arm64_12: https://files.pythonhosted.org/packages/76/17/d29f35df6ec6424ec15f273a31ad54ad314d1f9056321fb824bed4eda128/sherlock_project-0.16.0.tar.gz
    darwin_arm64_13: https://files.pythonhosted.org/packages/76/17/d29f35df6ec6424ec15f273a31ad54ad314d1f9056321fb824bed4eda128/sherlock_project-0.16.0.tar.gz
    darwin_arm64_14: https://files.pythonhosted.org/packages/76/17/d29f35df6ec6424ec15f273a31ad54ad314d1f9056321fb824bed4eda128/sherlock_project-0.16.0.tar.gz
    darwin_arm64_15: https://files.pythonhosted.org/packages/76/17/d29f35df6ec6424ec15f273a31ad54ad314d1f9056321fb824bed4eda128/sherlock_project-0.16.0.tar.gz
    linux_amd64: https://files.pythonhosted.org/packages/76/17/d29f35df6ec6424ec15f273a31ad54ad314d1f9056321fb824bed4eda128/sherlock_project-0.16.0.tar.gz
    linux_arm64: https://files.pythonhosted.org/packages/76/17/d29f35df6ec6424ec15f273a31ad54ad314d1f9056321fb824bed4eda128/sherlock_project-0.16.0.tar.gz
sha256:
    darwin_amd64: fcc8f05fb6f55de30938cce5727249f70917b226918a71f6ed3f50d8a6467610
    darwin_amd64_10: fcc8f05fb6f55de30938cce5727249f70917b226918a71f6ed3f50d8a6467610
    darwin_amd64_11: fcc8f05fb6f55de30938cce5727249f70917b226918a71f6ed3f50d8a6467610
    darwin_amd64_12: fcc8f05fb6f55de30938cce5727249f70917b226918a71f6ed3f50d8a6467610
    darwin_amd64_13: fcc8f05fb6f55de30938cce5727249f70917b226918a71f6ed3f50d8a6467610
    darwin_amd64_14: fcc8f05fb6f55de30938cce5727249f70917b226918a71f6ed3f50d8a6467610
    darwin_amd64_15: fcc8f05fb6f55de30938cce5727249f70917b226918a71f6ed3f50d8a6467610
    darwin_arm64: fcc8f05fb6f55de30938cce5727249f70917b226918a71f6ed3f50d8a6467610
    darwin_arm64_11: fcc8f05fb6f55de30938cce5727249f70917b226918a71f6ed3f50d8a6467610
    darwin_arm64_12: fcc8f05fb6f55de30938cce5727249f70917b226918a71f6ed3f50d8a6467610
    darwin_arm64_13: fcc8f05fb6f55de30938cce5727249f70917b226918a71f6ed3f50d8a6467610
    darwin_arm64_14: fcc8f05fb6f55de30938cce5727249f70917b226918a71f6ed3f50d8a6467610
    darwin_arm64_15: fcc8f05fb6f55de30938cce5727249f70917b226918a71f6ed3f50d8a6467610
    linux_amd64: fcc8f05fb6f55de30938cce5727249f70917b226918a71f6ed3f50d8a6467610
    linux_arm64: fcc8f05fb6f55de30938cce5727249f70917b226918a71f6ed3f50d8a6467610
dependencies:
    - certifi
    - numpy
    - python@3.14
bottle:
    darwin_amd64:
        url: https://ghcr.io/v2/homebrew/core/sherlock/blobs/sha256:d42970c735c14c0c7b7d38389de99789c02ca0d8dade26372cf8c34e71a85799
        sha256: d42970c735c14c0c7b7d38389de99789c02ca0d8dade26372cf8c34e71a85799
        cellar: :any_skip_relocation
    darwin_amd64_14:
        url: https://ghcr.io/v2/homebrew/core/sherlock/blobs/sha256:d42970c735c14c0c7b7d38389de99789c02ca0d8dade26372cf8c34e71a85799
        sha256: d42970c735c14c0c7b7d38389de99789c02ca0d8dade26372cf8c34e71a85799
        cellar: :any_skip_relocation
    darwin_amd64_15:
        url: https://ghcr.io/v2/homebrew/core/sherlock/blobs/sha256:d42970c735c14c0c7b7d38389de99789c02ca0d8dade26372cf8c34e71a85799
        sha256: d42970c735c14c0c7b7d38389de99789c02ca0d8dade26372cf8c34e71a85799
        cellar: :any_skip_relocation
    darwin_arm64:
        url: https://ghcr.io/v2/homebrew/core/sherlock/blobs/sha256:de6cd2e49a2bfc9192c8437cb55693d848b64107a44505fb1e8b60cf788c98c7
        sha256: de6cd2e49a2bfc9192c8437cb55693d848b64107a44505fb1e8b60cf788c98c7
        cellar: :any_skip_relocation
    darwin_arm64_14:
        url: https://ghcr.io/v2/homebrew/core/sherlock/blobs/sha256:127bcca2081c8c9aafd573bcbfb3ad4bb24fe9281a722c67151719dfb005e232
        sha256: 127bcca2081c8c9aafd573bcbfb3ad4bb24fe9281a722c67151719dfb005e232
        cellar: :any_skip_relocation
    darwin_arm64_15:
        url: https://ghcr.io/v2/homebrew/core/sherlock/blobs/sha256:de6cd2e49a2bfc9192c8437cb55693d848b64107a44505fb1e8b60cf788c98c7
        sha256: de6cd2e49a2bfc9192c8437cb55693d848b64107a44505fb1e8b60cf788c98c7
        cellar: :any_skip_relocation
    linux_amd64:
        url: https://ghcr.io/v2/homebrew/core/sherlock/blobs/sha256:b47be59443aa7a6f22b8d056652c69cc0b89676a6ac9eccff413fb398f9aaca1
        sha256: b47be59443aa7a6f22b8d056652c69cc0b89676a6ac9eccff413fb398f9aaca1
        cellar: /home/linuxbrew/.linuxbrew/Cellar
    linux_arm64:
        url: https://ghcr.io/v2/homebrew/core/sherlock/blobs/sha256:4acc88598326baad0f8587696095c920e87a982e48170ddba719fae98e46185e
        sha256: 4acc88598326baad0f8587696095c920e87a982e48170ddba719fae98e46185e
        cellar: /home/linuxbrew/.linuxbrew/Cellar
source:
    url: https://files.pythonhosted.org/packages/76/17/d29f35df6ec6424ec15f273a31ad54ad314d1f9056321fb824bed4eda128/sherlock_project-0.16.0.tar.gz
    sha256: fcc8f05fb6f55de30938cce5727249f70917b226918a71f6ed3f50d8a6467610
head:
    url: https://github.com/sherlock-project/sherlock.git
    branch: master
build_dependencies:
    - cmake
