name: sherlock
version: 0.16.2
description: Hunt down social media accounts by username
homepage: https://sherlockproject.xyz/
license: MIT
url:
    darwin_amd64: https://files.pythonhosted.org/packages/ff/d1/e4319259d1eb955aed24db5c91c110f46e72ad2d2ead70407f55c6b1dcc6/sherlock_project-0.16.2.tar.gz
    darwin_amd64_10: https://files.pythonhosted.org/packages/ff/d1/e4319259d1eb955aed24db5c91c110f46e72ad2d2ead70407f55c6b1dcc6/sherlock_project-0.16.2.tar.gz
    darwin_amd64_11: https://files.pythonhosted.org/packages/ff/d1/e4319259d1eb955aed24db5c91c110f46e72ad2d2ead70407f55c6b1dcc6/sherlock_project-0.16.2.tar.gz
    darwin_amd64_12: https://files.pythonhosted.org/packages/ff/d1/e4319259d1eb955aed24db5c91c110f46e72ad2d2ead70407f55c6b1dcc6/sherlock_project-0.16.2.tar.gz
    darwin_amd64_13: https://files.pythonhosted.org/packages/ff/d1/e4319259d1eb955aed24db5c91c110f46e72ad2d2ead70407f55c6b1dcc6/sherlock_project-0.16.2.tar.gz
    darwin_amd64_14: https://files.pythonhosted.org/packages/ff/d1/e4319259d1eb955aed24db5c91c110f46e72ad2d2ead70407f55c6b1dcc6/sherlock_project-0.16.2.tar.gz
    darwin_amd64_15: https://files.pythonhosted.org/packages/ff/d1/e4319259d1eb955aed24db5c91c110f46e72ad2d2ead70407f55c6b1dcc6/sherlock_project-0.16.2.tar.gz
    darwin_amd64_16: https://files.pythonhosted.org/packages/ff/d1/e4319259d1eb955aed24db5c91c110f46e72ad2d2ead70407f55c6b1dcc6/sherlock_project-0.16.2.tar.gz
    darwin_arm64: https://files.pythonhosted.org/packages/ff/d1/e4319259d1eb955aed24db5c91c110f46e72ad2d2ead70407f55c6b1dcc6/sherlock_project-0.16.2.tar.gz
    darwin_arm64_11: https://files.pythonhosted.org/packages/ff/d1/e4319259d1eb955aed24db5c91c110f46e72ad2d2ead70407f55c6b1dcc6/sherlock_project-0.16.2.tar.gz
    darwin_arm64_12: https://files.pythonhosted.org/packages/ff/d1/e4319259d1eb955aed24db5c91c110f46e72ad2d2ead70407f55c6b1dcc6/sherlock_project-0.16.2.tar.gz
    darwin_arm64_13: https://files.pythonhosted.org/packages/ff/d1/e4319259d1eb955aed24db5c91c110f46e72ad2d2ead70407f55c6b1dcc6/sherlock_project-0.16.2.tar.gz
    darwin_arm64_14: https://files.pythonhosted.org/packages/ff/d1/e4319259d1eb955aed24db5c91c110f46e72ad2d2ead70407f55c6b1dcc6/sherlock_project-0.16.2.tar.gz
    darwin_arm64_15: https://files.pythonhosted.org/packages/ff/d1/e4319259d1eb955aed24db5c91c110f46e72ad2d2ead70407f55c6b1dcc6/sherlock_project-0.16.2.tar.gz
    darwin_arm64_16: https://files.pythonhosted.org/packages/ff/d1/e4319259d1eb955aed24db5c91c110f46e72ad2d2ead70407f55c6b1dcc6/sherlock_project-0.16.2.tar.gz
    linux_amd64: https://files.pythonhosted.org/packages/ff/d1/e4319259d1eb955aed24db5c91c110f46e72ad2d2ead70407f55c6b1dcc6/sherlock_project-0.16.2.tar.gz
    linux_arm64: https://files.pythonhosted.org/packages/ff/d1/e4319259d1eb955aed24db5c91c110f46e72ad2d2ead70407f55c6b1dcc6/sherlock_project-0.16.2.tar.gz
sha256:
    darwin_amd64: 18cc9d571a84499eec43f3c96eaac1cb089e12ad0d0fc5016c828d38e035cc5a
    darwin_amd64_10: 18cc9d571a84499eec43f3c96eaac1cb089e12ad0d0fc5016c828d38e035cc5a
    darwin_amd64_11: 18cc9d571a84499eec43f3c96eaac1cb089e12ad0d0fc5016c828d38e035cc5a
    darwin_amd64_12: 18cc9d571a84499eec43f3c96eaac1cb089e12ad0d0fc5016c828d38e035cc5a
    darwin_amd64_13: 18cc9d571a84499eec43f3c96eaac1cb089e12ad0d0fc5016c828d38e035cc5a
    darwin_amd64_14: 18cc9d571a84499eec43f3c96eaac1cb089e12ad0d0fc5016c828d38e035cc5a
    darwin_amd64_15: 18cc9d571a84499eec43f3c96eaac1cb089e12ad0d0fc5016c828d38e035cc5a
    darwin_amd64_16: 18cc9d571a84499eec43f3c96eaac1cb089e12ad0d0fc5016c828d38e035cc5a
    darwin_arm64: 18cc9d571a84499eec43f3c96eaac1cb089e12ad0d0fc5016c828d38e035cc5a
    darwin_arm64_11: 18cc9d571a84499eec43f3c96eaac1cb089e12ad0d0fc5016c828d38e035cc5a
    darwin_arm64_12: 18cc9d571a84499eec43f3c96eaac1cb089e12ad0d0fc5016c828d38e035cc5a
    darwin_arm64_13: 18cc9d571a84499eec43f3c96eaac1cb089e12ad0d0fc5016c828d38e035cc5a
    darwin_arm64_14: 18cc9d571a84499eec43f3c96eaac1cb089e12ad0d0fc5016c828d38e035cc5a
    darwin_arm64_15: 18cc9d571a84499eec43f3c96eaac1cb089e12ad0d0fc5016c828d38e035cc5a
    darwin_arm64_16: 18cc9d571a84499eec43f3c96eaac1cb089e12ad0d0fc5016c828d38e035cc5a
    linux_amd64: 18cc9d571a84499eec43f3c96eaac1cb089e12ad0d0fc5016c828d38e035cc5a
    linux_arm64: 18cc9d571a84499eec43f3c96eaac1cb089e12ad0d0fc5016c828d38e035cc5a
install:
    type: archive
    strip_components: 2
    format: tar.gz
dependencies:
    - certifi
    - numpy
    - python@3.14
bottle:
    darwin_arm64:
        url: https://ghcr.io/v2/homebrew/core/sherlock/blobs/sha256:e575d43b36c856830eb667f50387a5982c04bee4f712f10aec161d4dd4af8277
        sha256: e575d43b36c856830eb667f50387a5982c04bee4f712f10aec161d4dd4af8277
        cellar: :any_skip_relocation
    darwin_arm64_15:
        url: https://ghcr.io/v2/homebrew/core/sherlock/blobs/sha256:5f3ab78ad1a24140a5e8879c130219ae39da56e90770b747921fb1d703eb8845
        sha256: 5f3ab78ad1a24140a5e8879c130219ae39da56e90770b747921fb1d703eb8845
        cellar: :any_skip_relocation
    darwin_arm64_16:
        url: https://ghcr.io/v2/homebrew/core/sherlock/blobs/sha256:e575d43b36c856830eb667f50387a5982c04bee4f712f10aec161d4dd4af8277
        sha256: e575d43b36c856830eb667f50387a5982c04bee4f712f10aec161d4dd4af8277
        cellar: :any_skip_relocation
    linux_amd64:
        url: https://ghcr.io/v2/homebrew/core/sherlock/blobs/sha256:c3b38f6715a4058deac0b60013695d46ac1e37454e4dd1aefb832d3247232450
        sha256: c3b38f6715a4058deac0b60013695d46ac1e37454e4dd1aefb832d3247232450
        cellar: :any
    linux_arm64:
        url: https://ghcr.io/v2/homebrew/core/sherlock/blobs/sha256:4577a220ccb61fb0f20f4fd1c03852a113a63133e9d0121c4052d0487723ca26
        sha256: 4577a220ccb61fb0f20f4fd1c03852a113a63133e9d0121c4052d0487723ca26
        cellar: :any
source:
    url: https://files.pythonhosted.org/packages/ff/d1/e4319259d1eb955aed24db5c91c110f46e72ad2d2ead70407f55c6b1dcc6/sherlock_project-0.16.2.tar.gz
    sha256: 18cc9d571a84499eec43f3c96eaac1cb089e12ad0d0fc5016c828d38e035cc5a
head:
    url: https://github.com/sherlock-project/sherlock.git
    branch: master
build_dependencies:
    - cmake
